
Microsoft Visual Studio Solution File, Format Version 12.00
# Visual Studio 14
VisualStudioVersion = 14.0.23107.0
MinimumVisualStudioVersion = 10.0.40219.1
Project("{FAE04EC0-301F-11D3-BF4B-00C04F79EFBC}") = "Search", "Search\Search.csproj", "{3FBCE5EB-8C7A-4C0A-B4F0-DC7ED9A06E8A}"
EndProject
Project("{FAE04EC0-301F-11D3-BF4B-00C04F79EFBC}") = "UnitTestProject", "UnitTestProject\UnitTestProject.csproj", "{9D50EB77-44DD-4BE6-A1EE-92EDABA43F59}"
EndProject
Project("{FAE04EC0-301F-11D3-BF4B-00C04F79EFBC}") = "ArraysAndStrings", "ArraysAndStrings\ArraysAndStrings.csproj", "{3551A993-14E3-4FC1-8B88-8001A0F3932D}"
EndProject
Project("{2150E333-8FDC-42A3-9474-1A3956D46DE8}") = "ArraysAndStrings", "ArraysAndStrings", "{B8264889-F7DF-4AC4-B558-30A13B77086C}"
EndProject
Project("{FAE04EC0-301F-11D3-BF4B-00C04F79EFBC}") = "ArraysAndStringsTest", "ArraysAndStringsTest\ArraysAndStringsTest.csproj", "{EEF2CB70-3C39-4EE8-BC44-8AE9D52D6BC5}"
EndProject
Project("{2150E333-8FDC-42A3-9474-1A3956D46DE8}") = "Search", "Search", "{2D6FA286-8BD4-497A-9705-1D3701352964}"
EndProject
Project("{2150E333-8FDC-42A3-9474-1A3956D46DE8}") = "LinkList", "LinkList", "{D70BD946-16FC-42F4-82A2-4BFDD5EE65C8}"
EndProject
Project("{FAE04EC0-301F-11D3-BF4B-00C04F79EFBC}") = "LinkList", "LinkList\LinkList.csproj", "{5B207621-850D-4FB5-8ACD-AD45B78FBFAF}"
EndProject
Project("{FAE04EC0-301F-11D3-BF4B-00C04F79EFBC}") = "LinkListTest", "LinkListTest\LinkListTest.csproj", "{C00FC70D-6F08-4172-A8F1-4C3BC9F47F86}"
EndProject
Project("{2150E333-8FDC-42A3-9474-1A3956D46DE8}") = "StackQueue", "StackQueue", "{82600F4D-7A02-4CD5-BA04-CF1A60EFF689}"
EndProject
Project("{FAE04EC0-301F-11D3-BF4B-00C04F79EFBC}") = "StackQueue", "StackQueue\StackQueue.csproj", "{95970603-BA6F-43F2-A450-0818CCB833EF}"
EndProject
Project("{FAE04EC0-301F-11D3-BF4B-00C04F79EFBC}") = "StackQueueTest", "StackQueueTest\StackQueueTest.csproj", "{36337D45-A848-4996-803F-C250C69FF2DB}"
EndProject
Project("{2150E333-8FDC-42A3-9474-1A3956D46DE8}") = "BinaryTree", "BinaryTree", "{D9F3496F-E01B-4186-9FF3-DFC46237700B}"
EndProject
Project("{FAE04EC0-301F-11D3-BF4B-00C04F79EFBC}") = "BinaryTree", "BinaryTree\BinaryTree.csproj", "{3E618379-1A0E-487F-9BF3-8B737AB603FD}"
EndProject
Project("{FAE04EC0-301F-11D3-BF4B-00C04F79EFBC}") = "BinaryTreeTest", "BinaryTreeTest\BinaryTreeTest.csproj", "{1176BFBB-AB24-4367-96E2-384C1ED08175}"
EndProject
Project("{2150E333-8FDC-42A3-9474-1A3956D46DE8}") = "Graph", "Graph", "{B95CBC79-D188-4E14-9AE5-C9999D94FAA1}"
EndProject
Project("{FAE04EC0-301F-11D3-BF4B-00C04F79EFBC}") = "Graph", "Graph\Graph.csproj", "{E7D62254-1480-43A5-B50F-12E3282B5364}"
EndProject
Project("{FAE04EC0-301F-11D3-BF4B-00C04F79EFBC}") = "TestApp", "TestApp\TestApp.csproj", "{9956DE1C-66A3-44C1-829C-61E7F43EE413}"
EndProject
Project("{2150E333-8FDC-42A3-9474-1A3956D46DE8}") = "Bits", "Bits", "{376524AC-251C-4E80-9C03-ACE9CEAC7083}"
EndProject
Project("{FAE04EC0-301F-11D3-BF4B-00C04F79EFBC}") = "Bits", "BitSmallLarge\Bits.csproj", "{8DED00B0-762F-4AE4-B3FE-D5FD80C8D69E}"
EndProject
Project("{FAE04EC0-301F-11D3-BF4B-00C04F79EFBC}") = "BitTest", "BitSmallLargeNumberTest\BitTest.csproj", "{5BDA8B30-3824-4D8E-B89C-BFE5DA2062E3}"
EndProject
Project("{2150E333-8FDC-42A3-9474-1A3956D46DE8}") = "LeetCode", "LeetCode", "{D81F062C-90D7-468C-9E26-E85FDA03CF48}"
EndProject
Project("{2150E333-8FDC-42A3-9474-1A3956D46DE8}") = "MedianOfTwoSortedArrays", "MedianOfTwoSortedArrays", "{AD19A861-9959-452D-9ACD-A135DB08D7EA}"
EndProject
Project("{FAE04EC0-301F-11D3-BF4B-00C04F79EFBC}") = "MedianOfTwoSortedArrays", "MedianOfTwoSortedArrays\MedianOfTwoSortedArrays.csproj", "{74A8684B-C3A3-4BE4-8A56-36AC8354A2B2}"
EndProject
Project("{FAE04EC0-301F-11D3-BF4B-00C04F79EFBC}") = "StringToInteger", "StringToInteger\StringToInteger.csproj", "{63F50CBE-9219-43E5-ABD6-76C081806387}"
EndProject
Project("{FAE04EC0-301F-11D3-BF4B-00C04F79EFBC}") = "IsPalindromeInteger", "IsPalindromeInteger\IsPalindromeInteger.csproj", "{D11B8D09-C20A-47F7-B2DE-65F67945D217}"
EndProject
Project("{FAE04EC0-301F-11D3-BF4B-00C04F79EFBC}") = "ContainerWithMostWater", "ContainerWithMostWater\ContainerWithMostWater.csproj", "{E59E79F0-E14B-41BA-B5CF-B159F24FAF8B}"
EndProject
Project("{FAE04EC0-301F-11D3-BF4B-00C04F79EFBC}") = "LongestCommonPrefix", "LongestCommonPrefix\LongestCommonPrefix.csproj", "{4CDEC76A-1751-4B6B-A996-96894F9BFF61}"
EndProject
Project("{FAE04EC0-301F-11D3-BF4B-00C04F79EFBC}") = "3sum", "3sum\3sum.csproj", "{24816418-B269-42C4-8EB7-4FF47118CE6D}"
EndProject
Project("{FAE04EC0-301F-11D3-BF4B-00C04F79EFBC}") = "3sumclosest", "3sumclosest\3sumclosest.csproj", "{8436CF0A-E704-4E52-9B11-D6776230BFB3}"
EndProject
Project("{FAE04EC0-301F-11D3-BF4B-00C04F79EFBC}") = "LetterCombinationOfPhoneNumber", "LetterCombinationOfPhoneNumber\LetterCombinationOfPhoneNumber.csproj", "{66C9334B-0C22-4F1E-9242-00139919D609}"
EndProject
Project("{FAE04EC0-301F-11D3-BF4B-00C04F79EFBC}") = "RemoveNthNodeFromTheEnd", "RemoveNthNodeFromTheEnd\RemoveNthNodeFromTheEnd.csproj", "{147DFACF-15CC-4B94-B2A7-F50DD4B6271D}"
EndProject
Project("{FAE04EC0-301F-11D3-BF4B-00C04F79EFBC}") = "ValidParentheses", "ValidParentheses\ValidParentheses.csproj", "{F517B95F-CD4F-448D-B501-5AF3637DF0C2}"
EndProject
Project("{FAE04EC0-301F-11D3-BF4B-00C04F79EFBC}") = "MergeSortedLists", "MergeSortedLists\MergeSortedLists.csproj", "{FC104CCE-9179-4906-BD6C-2F7776518C0D}"
EndProject
Project("{FAE04EC0-301F-11D3-BF4B-00C04F79EFBC}") = "SearchRotatedSortedArrary", "SearchRotatedSortedArrary\SearchRotatedSortedArrary.csproj", "{1A6310DB-0F6C-4D7B-A2B0-22877C8524F1}"
EndProject
Project("{FAE04EC0-301F-11D3-BF4B-00C04F79EFBC}") = "SearchInRange", "SearchInRange\SearchInRange.csproj", "{697A5924-7B58-48F0-8FC1-C3723825A1B7}"
EndProject
Project("{FAE04EC0-301F-11D3-BF4B-00C04F79EFBC}") = "SeachInsertPosition", "SeachInsertPosition\SeachInsertPosition.csproj", "{C6AC42E7-6EED-47FB-8329-779C1770C72B}"
EndProject
Project("{FAE04EC0-301F-11D3-BF4B-00C04F79EFBC}") = "ValidSudoku", "ValidSudoku\ValidSudoku.csproj", "{1A30F0E2-3D3D-47B5-AFFA-30929C38D87C}"
EndProject
Project("{FAE04EC0-301F-11D3-BF4B-00C04F79EFBC}") = "SudokuSolver", "SudokuSolver\SudokuSolver.csproj", "{76A9D327-1133-4246-9ABE-4976C06302F3}"
EndProject
Project("{FAE04EC0-301F-11D3-BF4B-00C04F79EFBC}") = "CountAndSay", "CountAndSay\CountAndSay.csproj", "{310B2E81-7A2D-4561-9510-CFE0B316C1BB}"
EndProject
Project("{FAE04EC0-301F-11D3-BF4B-00C04F79EFBC}") = "CombinationSum", "CombinationSum\CombinationSum.csproj", "{1BD3304D-A302-4378-88B5-1067A5376835}"
EndProject
Project("{FAE04EC0-301F-11D3-BF4B-00C04F79EFBC}") = "CombinationSum2", "CombinationSum2\CombinationSum2.csproj", "{F4BE9E76-17B5-42E4-AB28-640D81A94F69}"
EndProject
Project("{FAE04EC0-301F-11D3-BF4B-00C04F79EFBC}") = "FindMissingPositive", "FindMissingPositive\FindMissingPositive.csproj", "{68121C13-B18C-4A3E-9E67-3DD2BFB3BAF1}"
EndProject
Project("{FAE04EC0-301F-11D3-BF4B-00C04F79EFBC}") = "Utility", "Utility\Utility.csproj", "{38A2C5A0-3507-4FE1-878A-977119EAF663}"
EndProject
Project("{FAE04EC0-301F-11D3-BF4B-00C04F79EFBC}") = "TrappingRainWater", "TrappingRainWater\TrappingRainWater.csproj", "{B50B9714-3450-41CE-B6FF-96735FEAF4CC}"
EndProject
Project("{FAE04EC0-301F-11D3-BF4B-00C04F79EFBC}") = "WildcardMatching", "WildcardMatching\WildcardMatching.csproj", "{D7B75BB8-AA22-4CFD-915D-2C36753E83E8}"
EndProject
Project("{FAE04EC0-301F-11D3-BF4B-00C04F79EFBC}") = "SpiralMatrix", "SpiralMatrix\SpiralMatrix.csproj", "{0BE015F5-5BF6-449F-85D9-6737599D4896}"
EndProject
Project("{FAE04EC0-301F-11D3-BF4B-00C04F79EFBC}") = "JumpGame", "JumpGame\JumpGame.csproj", "{25AA9784-767D-4310-A466-D1A936774469}"
EndProject
Project("{FAE04EC0-301F-11D3-BF4B-00C04F79EFBC}") = "MergeIntervals", "MergeIntervals\MergeIntervals.csproj", "{369F9644-6105-41A9-B8CA-4D37013923BC}"
EndProject
Project("{FAE04EC0-301F-11D3-BF4B-00C04F79EFBC}") = "InsertInterval", "InsertInterval\InsertInterval.csproj", "{8B89D3A6-974F-4EA3-85D2-0913E0C4612E}"
EndProject
Project("{FAE04EC0-301F-11D3-BF4B-00C04F79EFBC}") = "LengthOfLastWord", "LengthOfLastWord\LengthOfLastWord.csproj", "{24E87960-ABC6-4B0E-A99F-810FC30B6746}"
EndProject
Project("{FAE04EC0-301F-11D3-BF4B-00C04F79EFBC}") = "SpiralMatrix2", "SpiralMatrix2\SpiralMatrix2.csproj", "{372A47F0-2EFA-4BF9-B2C2-353537BE3A23}"
EndProject
Project("{FAE04EC0-301F-11D3-BF4B-00C04F79EFBC}") = "PermutationSequence", "PermutationSequence\PermutationSequence.csproj", "{0916C7F4-0D70-47C6-B0E9-48085663957F}"
EndProject
Project("{FAE04EC0-301F-11D3-BF4B-00C04F79EFBC}") = "RotateListRight", "RotateListRight\RotateListRight.csproj", "{CBBA48B6-5B0F-4E11-A561-7395AB4B43C3}"
EndProject
Project("{FAE04EC0-301F-11D3-BF4B-00C04F79EFBC}") = "SimplifyPath", "SimplifyPath\SimplifyPath.csproj", "{10A75209-554A-4139-96BB-9EA2533EFBDF}"
EndProject
Project("{FAE04EC0-301F-11D3-BF4B-00C04F79EFBC}") = "SetMatrixZeroes", "SetMatrixZeroes\SetMatrixZeroes.csproj", "{13A6C351-765C-48F6-80A2-A4CF596B997A}"
EndProject
Project("{FAE04EC0-301F-11D3-BF4B-00C04F79EFBC}") = "SearchMatrix", "SearchMatrix\SearchMatrix.csproj", "{F8AEA43D-9600-44E7-B23F-9E715736D874}"
EndProject
Project("{FAE04EC0-301F-11D3-BF4B-00C04F79EFBC}") = "SortColors", "SortColors\SortColors.csproj", "{9C8247BF-A4B3-4C8C-AE51-7EBBF1422F66}"
EndProject
Project("{FAE04EC0-301F-11D3-BF4B-00C04F79EFBC}") = "Combinations", "Combinations\Combinations.csproj", "{19B7B356-6671-49D6-B47F-ECE6589E34F5}"
EndProject
Project("{FAE04EC0-301F-11D3-BF4B-00C04F79EFBC}") = "Subsets", "Subsets\Subsets.csproj", "{2002399E-608C-4F18-BAF4-1228CAC24ECC}"
EndProject
Project("{FAE04EC0-301F-11D3-BF4B-00C04F79EFBC}") = "RemoveDupeFromSortedList2", "RemoveDupeFromSortedList2\RemoveDupeFromSortedList2.csproj", "{DB6D5A40-3C66-4B0B-B5BE-D386D4398A7D}"
EndProject
Project("{FAE04EC0-301F-11D3-BF4B-00C04F79EFBC}") = "LargestHistogramRectangle", "LargestHistogramRectangle\LargestHistogramRectangle.csproj", "{D7C2A258-5E7A-41DA-82F9-8C5BDD0DAE3A}"
EndProject
Project("{FAE04EC0-301F-11D3-BF4B-00C04F79EFBC}") = "PartitionList", "PartitionList\PartitionList.csproj", "{E2FA2A6C-D855-43E5-AE0E-FCF53C002DA3}"
EndProject
Project("{FAE04EC0-301F-11D3-BF4B-00C04F79EFBC}") = "MergeSortedArray", "MergeSortedArray\MergeSortedArray.csproj", "{38AD68F3-F0F3-4D42-94B4-55D25E1C90F1}"
EndProject
Project("{FAE04EC0-301F-11D3-BF4B-00C04F79EFBC}") = "GrayCode", "GrayCode\GrayCode.csproj", "{27C5DF46-56E8-4C6A-ABD3-995DF3FBAB16}"
EndProject
Project("{FAE04EC0-301F-11D3-BF4B-00C04F79EFBC}") = "Subsets2", "Subsets2\Subsets2.csproj", "{F28B23D2-3E7D-44EE-B059-9C4D092DBA6D}"
EndProject
Project("{FAE04EC0-301F-11D3-BF4B-00C04F79EFBC}") = "DecodeWays", "DecodeWays\DecodeWays.csproj", "{B9342A4E-F850-480D-802E-07A6EFAC847A}"
EndProject
Project("{FAE04EC0-301F-11D3-BF4B-00C04F79EFBC}") = "InOrderTraversal", "InOrderTraversal\InOrderTraversal.csproj", "{93571161-2430-4D8C-B18D-417CB2303A01}"
EndProject
Project("{FAE04EC0-301F-11D3-BF4B-00C04F79EFBC}") = "NumOfBST", "NumOfBST\NumOfBST.csproj", "{A5825BEE-93D9-4BCB-8F75-0DD8D24F2BBF}"
EndProject
Project("{FAE04EC0-301F-11D3-BF4B-00C04F79EFBC}") = "GenerateBST", "GenerateBST\GenerateBST.csproj", "{1E12A71C-A30D-4359-9A7A-6C018C4A634E}"
EndProject
Project("{FAE04EC0-301F-11D3-BF4B-00C04F79EFBC}") = "RestoreIpAddress", "RestoreIpAddress\RestoreIpAddress.csproj", "{A3E5A437-6309-4E89-A3D6-0A69BF3383D2}"
EndProject
Project("{FAE04EC0-301F-11D3-BF4B-00C04F79EFBC}") = "ReverseLinkedList2", "ReverseLinkedList2\ReverseLinkedList2.csproj", "{4E71CB94-82E7-4C81-B06E-B347B01A2C6E}"
EndProject
Project("{FAE04EC0-301F-11D3-BF4B-00C04F79EFBC}") = "BinaryTreeLevelOrderTraversal2", "BinaryTreeLevelOrderTraversal2\BinaryTreeLevelOrderTraversal2.csproj", "{70A672A5-C58A-4DFD-A187-38ABA56C7783}"
EndProject
Project("{FAE04EC0-301F-11D3-BF4B-00C04F79EFBC}") = "ValidateBST", "ValidateBST\ValidateBST.csproj", "{BB6E5A6F-142A-45E0-933A-E2D6F12F008B}"
EndProject
Project("{FAE04EC0-301F-11D3-BF4B-00C04F79EFBC}") = "RecoverBST", "RecoverBST\RecoverBST.csproj", "{CDBA3C34-4DF2-426D-8796-069CD40596DD}"
EndProject
Project("{FAE04EC0-301F-11D3-BF4B-00C04F79EFBC}") = "IsSameBinaryTree", "IsSameBinaryTree\IsSameBinaryTree.csproj", "{9CAE8BB9-DF65-41CC-B7CD-4497A1CF682C}"
EndProject
Project("{FAE04EC0-301F-11D3-BF4B-00C04F79EFBC}") = "SymmetricTree", "SymmetricTree\SymmetricTree.csproj", "{A2DCA227-FB70-43B8-B247-A92221B7ED95}"
EndProject
Project("{FAE04EC0-301F-11D3-BF4B-00C04F79EFBC}") = "LevelOrder", "LevelOrder\LevelOrder.csproj", "{266AEC63-DD27-44E7-AA3F-F96DFC202521}"
EndProject
Project("{FAE04EC0-301F-11D3-BF4B-00C04F79EFBC}") = "ZigzagLevelOrder", "ZigzagLevelOrder\ZigzagLevelOrder.csproj", "{7A39555E-F027-431C-9802-AB4CEB6D8517}"
EndProject
Project("{FAE04EC0-301F-11D3-BF4B-00C04F79EFBC}") = "MaxDepthOfBinaryTree", "MaxDepthOfBinaryTree\MaxDepthOfBinaryTree.csproj", "{3002B63B-5F16-4CCD-B8AD-CBE2672A9622}"
EndProject
Project("{FAE04EC0-301F-11D3-BF4B-00C04F79EFBC}") = "BuildTreeFromPreAndInOrder", "BuildTreeFromPreAndInOrder\BuildTreeFromPreAndInOrder.csproj", "{548813B8-2E22-4CF8-8DFA-4B7F9071503A}"
EndProject
Project("{FAE04EC0-301F-11D3-BF4B-00C04F79EFBC}") = "SortedArrayToBST", "SortedArrayToBST\SortedArrayToBST.csproj", "{6210AB69-6EEA-4571-A6B3-A2FD2F074112}"
EndProject
Project("{FAE04EC0-301F-11D3-BF4B-00C04F79EFBC}") = "ConnectRightTreeNode", "ConnectRightTreeNode\ConnectRightTreeNode.csproj", "{D2DE6947-23B5-45D9-BB09-D4916EED3180}"
EndProject
Project("{FAE04EC0-301F-11D3-BF4B-00C04F79EFBC}") = "GeneratePascalTriangle", "GeneratePascalTriangle\GeneratePascalTriangle.csproj", "{D74361BF-FE55-4903-BAE9-896FE0AF0CFD}"
EndProject
Project("{FAE04EC0-301F-11D3-BF4B-00C04F79EFBC}") = "ConvertSortedListToBST", "ConvertSortedListToBST\ConvertSortedListToBST.csproj", "{336B809D-A8DB-46C1-8070-D76345E8D9D9}"
EndProject
Project("{FAE04EC0-301F-11D3-BF4B-00C04F79EFBC}") = "IsBalancedBT", "IsBalancedBT\IsBalancedBT.csproj", "{2D4EBC8A-C34D-4F49-B50D-0A5D0D314835}"
EndProject
Project("{FAE04EC0-301F-11D3-BF4B-00C04F79EFBC}") = "MinDepth", "MinDepth\MinDepth.csproj", "{96AC452A-7CCC-471E-9C99-B44F987F8482}"
EndProject
Project("{FAE04EC0-301F-11D3-BF4B-00C04F79EFBC}") = "PathSum", "PathSum\PathSum.csproj", "{3D37AF5C-7908-49C3-8EC0-73E4C8257202}"
EndProject
Project("{FAE04EC0-301F-11D3-BF4B-00C04F79EFBC}") = "FlattenBinaryTreeToLinkedList", "FlattenBinaryTreeToLinkedList\FlattenBinaryTreeToLinkedList.csproj", "{AF8750CF-6F35-4C09-ADFF-537AFE1E6DDA}"
EndProject
Project("{FAE04EC0-301F-11D3-BF4B-00C04F79EFBC}") = "PascalTriangle2", "PascalTriangle2\PascalTriangle2.csproj", "{C0C5FB33-FAA7-4F3D-8459-1B5E56050CE1}"
EndProject
Project("{FAE04EC0-301F-11D3-BF4B-00C04F79EFBC}") = "Triangle", "Triangle\Triangle.csproj", "{2BF8574B-F85C-4509-98FC-29522E06A0FC}"
EndProject
Project("{FAE04EC0-301F-11D3-BF4B-00C04F79EFBC}") = "MaxProfit", "MaxProfit\MaxProfit.csproj", "{B7E4554A-4F10-4A15-9A8F-E92CEF69597E}"
EndProject
Project("{FAE04EC0-301F-11D3-BF4B-00C04F79EFBC}") = "MaxProfit2", "MaxProfit2\MaxProfit2.csproj", "{C902754D-F1D0-4C68-9B0E-F0BB210E0117}"
EndProject
Project("{FAE04EC0-301F-11D3-BF4B-00C04F79EFBC}") = "MaxProfit3", "MaxProfit3\MaxProfit3.csproj", "{293C5330-F966-4FB8-881A-4AA8208723E6}"
EndProject
Project("{FAE04EC0-301F-11D3-BF4B-00C04F79EFBC}") = "ValidPalindrome", "ValidPalindrome\ValidPalindrome.csproj", "{159A864A-8A5F-44F8-8EA6-6D29E6C19D40}"
EndProject
Project("{2150E333-8FDC-42A3-9474-1A3956D46DE8}") = "LeetCode2", "LeetCode2", "{91E57241-9FD7-4167-9615-EDDD0347555A}"
EndProject
Project("{FAE04EC0-301F-11D3-BF4B-00C04F79EFBC}") = "SumRootToLeafNumbers", "SumRootToLeafNumbers\SumRootToLeafNumbers.csproj", "{DB736E65-9E48-4EB8-AC6F-679397046544}"
EndProject
Project("{FAE04EC0-301F-11D3-BF4B-00C04F79EFBC}") = "SurroundedRegions", "SurroundedRegions\SurroundedRegions.csproj", "{AA5615F0-AC34-4F90-941C-56186FFA19ED}"
EndProject
Project("{FAE04EC0-301F-11D3-BF4B-00C04F79EFBC}") = "PalindromePartitioning", "PalindromePartitioning\PalindromePartitioning.csproj", "{5B54C607-CD1B-4CC0-817C-EBF122FCAA12}"
EndProject
Project("{FAE04EC0-301F-11D3-BF4B-00C04F79EFBC}") = "PalindromePartitioning2", "PalindromePartitioning2\PalindromePartitioning2.csproj", "{83CE0099-8B20-4C3B-9E7D-BB0F1991E114}"
EndProject
Project("{FAE04EC0-301F-11D3-BF4B-00C04F79EFBC}") = "CloneGraph", "CloneGraph\CloneGraph.csproj", "{BAE5A0BC-1859-41A3-97F3-6E73692BF43E}"
EndProject
Project("{FAE04EC0-301F-11D3-BF4B-00C04F79EFBC}") = "GasStation", "GasStation\GasStation.csproj", "{CA73ED2A-CE4B-4D27-8E7C-2BE35A57E2C0}"
EndProject
Project("{FAE04EC0-301F-11D3-BF4B-00C04F79EFBC}") = "SingleNumber", "SingleNumber\SingleNumber.csproj", "{53722B40-F8B7-465F-BB5F-A37BD3DABC92}"
EndProject
Project("{FAE04EC0-301F-11D3-BF4B-00C04F79EFBC}") = "CopyRandomList", "CopyRandomList\CopyRandomList.csproj", "{CEF33D48-B758-432E-842F-CFE5922AA4DF}"
EndProject
Project("{FAE04EC0-301F-11D3-BF4B-00C04F79EFBC}") = "WordBreak", "WordBreak\WordBreak.csproj", "{202D9C21-0DE2-4E93-BE4F-B1E8174DFF69}"
EndProject
Project("{FAE04EC0-301F-11D3-BF4B-00C04F79EFBC}") = "WordBreak2", "WordBreak2\WordBreak2.csproj", "{60059374-0CDE-4E09-A92F-D707782F5CEE}"
EndProject
Project("{FAE04EC0-301F-11D3-BF4B-00C04F79EFBC}") = "LinkedListCycle", "LinkedListCycle\LinkedListCycle.csproj", "{F8BC37DC-D7A5-484F-803B-8678775D0178}"
EndProject
Project("{FAE04EC0-301F-11D3-BF4B-00C04F79EFBC}") = "LinkedListCycle2", "LinkedListCycle2\LinkedListCycle2.csproj", "{57B1659E-6CCA-4822-8862-BFF35119EDFD}"
EndProject
Project("{FAE04EC0-301F-11D3-BF4B-00C04F79EFBC}") = "ReorderList", "ReorderList\ReorderList.csproj", "{66A2C572-2ECB-4FEE-BAE7-2715CC1590B8}"
EndProject
Project("{FAE04EC0-301F-11D3-BF4B-00C04F79EFBC}") = "BinaryTreePreorderTraversal", "BinaryTreePreorderTraversal\BinaryTreePreorderTraversal.csproj", "{34318090-649F-432C-B440-B8318A5A03C6}"
EndProject
Project("{FAE04EC0-301F-11D3-BF4B-00C04F79EFBC}") = "LRUCache", "LRUCache\LRUCache.csproj", "{EB077BA9-1DF9-4156-AE22-0660C9EBA429}"
EndProject
Project("{FAE04EC0-301F-11D3-BF4B-00C04F79EFBC}") = "InsertionSortList", "InsertionSortList\InsertionSortList.csproj", "{07EE49E9-2F4C-44E2-9B10-250C83E676B1}"
EndProject
Project("{FAE04EC0-301F-11D3-BF4B-00C04F79EFBC}") = "SortList", "SortList\SortList.csproj", "{0737E748-1333-4782-9FEE-743DD70D03C6}"
EndProject
Project("{FAE04EC0-301F-11D3-BF4B-00C04F79EFBC}") = "EvaluateReversedPolishNotation", "EvaluateReversedPolishNotation\EvaluateReversedPolishNotation.csproj", "{04BA0DC0-ED0C-4BCA-8008-FD6E4C1935B4}"
EndProject
Project("{FAE04EC0-301F-11D3-BF4B-00C04F79EFBC}") = "ReverseWordsInString", "ReverseWordsInString\ReverseWordsInString.csproj", "{2D0AE463-BBF3-4129-BC46-63431965D4B8}"
EndProject
Project("{FAE04EC0-301F-11D3-BF4B-00C04F79EFBC}") = "MaximumProductSubarray", "MaximumProductSubarray\MaximumProductSubarray.csproj", "{E5CAB61D-D16F-49AE-BFDA-CC5E17BB97EC}"
EndProject
Project("{FAE04EC0-301F-11D3-BF4B-00C04F79EFBC}") = "FindMinFromRotatedSortedList", "FindMinFromRotatedSortedList\FindMinFromRotatedSortedList.csproj", "{7ED8D0CB-CC7A-44BA-A6A3-7EFF216BE589}"
EndProject
Project("{FAE04EC0-301F-11D3-BF4B-00C04F79EFBC}") = "FindMinFromRotatedSortedList2", "FindMinFromRotatedSortedList2\FindMinFromRotatedSortedList2.csproj", "{F0444029-AD5C-4D7B-8CA6-2D01CDC04A22}"
EndProject
Project("{FAE04EC0-301F-11D3-BF4B-00C04F79EFBC}") = "MinStack", "MinStack\MinStack.csproj", "{B37FB0E1-C1B9-4851-9CA8-5F11773D0B9D}"
EndProject
Project("{FAE04EC0-301F-11D3-BF4B-00C04F79EFBC}") = "GetIntersectionNode", "GetIntersectionNode\GetIntersectionNode.csproj", "{6564474D-79AA-4F0B-9990-0926B708107E}"
EndProject
Project("{FAE04EC0-301F-11D3-BF4B-00C04F79EFBC}") = "FindPeakElement", "FindPeakElement\FindPeakElement.csproj", "{AD8D425B-FB3A-4E77-8E49-F1DE904219A4}"
EndProject
Project("{FAE04EC0-301F-11D3-BF4B-00C04F79EFBC}") = "MaximumGroup", "MaximumGroup\MaximumGroup.csproj", "{DCFDB724-0CDE-46E5-A08B-4A71A087F62A}"
EndProject
Project("{FAE04EC0-301F-11D3-BF4B-00C04F79EFBC}") = "CompareVersion", "CompareVersion\CompareVersion.csproj", "{E4683A64-DB79-4155-8522-3F6ABBF2CBA7}"
EndProject
Project("{FAE04EC0-301F-11D3-BF4B-00C04F79EFBC}") = "FractionToDecimal", "FractionToDecimal\FractionToDecimal.csproj", "{BF90D8C5-298C-4F08-A3EA-7D03C930E09B}"
EndProject
Project("{FAE04EC0-301F-11D3-BF4B-00C04F79EFBC}") = "168ConvertToExcelTitle", "168ConvertToExcelTitle\168ConvertToExcelTitle.csproj", "{E3E150D4-1C24-48EB-8F20-A0C86ED993C8}"
EndProject
Project("{FAE04EC0-301F-11D3-BF4B-00C04F79EFBC}") = "171ConvertExcelTitleToNumber", "171ConvertExcelTitleToNumber\171ConvertExcelTitleToNumber.csproj", "{706FE8FE-E931-4CF1-BD07-02D4B1638D1E}"
EndProject
Project("{FAE04EC0-301F-11D3-BF4B-00C04F79EFBC}") = "MajorityElement", "MajorityElement\MajorityElement.csproj", "{25F1A61D-A05E-446C-AA9B-075EE4FD5FE6}"
EndProject
Project("{FAE04EC0-301F-11D3-BF4B-00C04F79EFBC}") = "169MajorityElement", "169MajorityElement\169MajorityElement.csproj", "{CD9568FC-1BA1-4EF8-805F-5D17F662E306}"
EndProject
Project("{FAE04EC0-301F-11D3-BF4B-00C04F79EFBC}") = "172FactorialTrailingZeroes", "172FactorialTrailingZeroes\172FactorialTrailingZeroes.csproj", "{D2188335-5355-403F-AE88-8731BCE0916F}"
EndProject
Project("{FAE04EC0-301F-11D3-BF4B-00C04F79EFBC}") = "173BinarySearchTreeIterator", "173BinarySearchTreeIterator\173BinarySearchTreeIterator.csproj", "{0270FE94-BCE1-48D2-A5BF-9C1A5493E061}"
EndProject
Project("{FAE04EC0-301F-11D3-BF4B-00C04F79EFBC}") = "LargestNumber", "LargestNumber\LargestNumber.csproj", "{E68E37B0-6850-4A2D-984D-30D9067CB9E0}"
EndProject
Project("{FAE04EC0-301F-11D3-BF4B-00C04F79EFBC}") = "187FindRepeatedDnaSequences", "189FindRepeatedDnaSequences\187FindRepeatedDnaSequences.csproj", "{B7E9C253-AECF-4140-AEEC-05EB7C4DA444}"
EndProject
Project("{FAE04EC0-301F-11D3-BF4B-00C04F79EFBC}") = "189RotateArray", "189RotateArray\189RotateArray.csproj", "{99285B73-B42A-4209-B536-99142DBDFE03}"
EndProject
Project("{FAE04EC0-301F-11D3-BF4B-00C04F79EFBC}") = "190ReverseBits", "ReverseBits\190ReverseBits.csproj", "{6903E555-7E5F-483D-B658-3FD0DACDDC71}"
EndProject
Project("{FAE04EC0-301F-11D3-BF4B-00C04F79EFBC}") = "191NumbersOf1Bits", "NumbersOf1Bits\191NumbersOf1Bits.csproj", "{7833A441-69F7-4931-8B42-4C6EFA1BDD4D}"
EndProject
Project("{FAE04EC0-301F-11D3-BF4B-00C04F79EFBC}") = "198HouseRobber", "HouseRobber\198HouseRobber.csproj", "{2455FA4B-4CA4-48B1-BA83-E2184DF7EE81}"
EndProject
Project("{FAE04EC0-301F-11D3-BF4B-00C04F79EFBC}") = "199BinaryTreeRightSideView", "BinaryTreeRightSideView\199BinaryTreeRightSideView.csproj", "{A9130F39-DC22-4F51-803B-7E398A76D8D4}"
EndProject
Project("{FAE04EC0-301F-11D3-BF4B-00C04F79EFBC}") = "200NumberOfIslands", "NumberOfIslands\200NumberOfIslands.csproj", "{BE0020B1-3DE2-42D6-BA62-4D9D11580ED4}"
EndProject
Project("{FAE04EC0-301F-11D3-BF4B-00C04F79EFBC}") = "201BitwiseAndNumberRange", "BitwiseAndNumberRange\201BitwiseAndNumberRange.csproj", "{297C3481-58BA-45F7-A7D5-A1E0A668A628}"
EndProject
Project("{FAE04EC0-301F-11D3-BF4B-00C04F79EFBC}") = "202HappyNumber", "HappyNumber\202HappyNumber.csproj", "{578527E5-B51D-42A7-9E7F-41A6A97C7815}"
EndProject
Project("{FAE04EC0-301F-11D3-BF4B-00C04F79EFBC}") = "203RemoveLinkedListElements", "203RemoveLinkedListElements\203RemoveLinkedListElements.csproj", "{2DB97F3F-5390-4F05-B946-2E3D6571C303}"
EndProject
Project("{FAE04EC0-301F-11D3-BF4B-00C04F79EFBC}") = "204CountPrimes", "CountPrimes\204CountPrimes.csproj", "{A38B060E-DCAF-43A7-9E2F-A0A1A720E864}"
EndProject
Project("{FAE04EC0-301F-11D3-BF4B-00C04F79EFBC}") = "205IsomorphicStrings", "IsomorphicStrings\205IsomorphicStrings.csproj", "{B9C3063A-01B8-401C-9571-52522257950B}"
EndProject
Project("{FAE04EC0-301F-11D3-BF4B-00C04F79EFBC}") = "206ReverseList", "ReverseList\206ReverseList.csproj", "{E074245E-5DFF-4085-B6C4-9FFAB75899CA}"
EndProject
Project("{FAE04EC0-301F-11D3-BF4B-00C04F79EFBC}") = "207CourseSchedule", "CourseSchedule\207CourseSchedule.csproj", "{7AB44622-70E7-46AE-AD5C-A6119AE94CB7}"
EndProject
Project("{FAE04EC0-301F-11D3-BF4B-00C04F79EFBC}") = "208PrefixTree", "PrefixTree\208PrefixTree.csproj", "{831B7BB1-F27F-4639-8B70-3DA07EBF5A1D}"
EndProject
Project("{FAE04EC0-301F-11D3-BF4B-00C04F79EFBC}") = "209MinimumSizeSubarraySum", "MinimumSizeSubarraySum\209MinimumSizeSubarraySum.csproj", "{E9A960D4-7607-4B25-8B02-5167BC1364B0}"
EndProject
Project("{FAE04EC0-301F-11D3-BF4B-00C04F79EFBC}") = "210CourseSchedule2", "CourseSchedule2\210CourseSchedule2.csproj", "{369C7DD8-B9EB-4CE8-B266-7E00BCB98494}"
EndProject
Project("{FAE04EC0-301F-11D3-BF4B-00C04F79EFBC}") = "213HouseRobber2", "HouseRobber2\213HouseRobber2.csproj", "{372680E9-5683-4FB7-8D42-A5490CBF8F65}"
EndProject
Project("{FAE04EC0-301F-11D3-BF4B-00C04F79EFBC}") = "214ShortestPalindrome", "ShortestPalindrome\214ShortestPalindrome.csproj", "{41DEEA55-989F-4842-9B1A-08D44BF1D0F9}"
EndProject
Project("{FAE04EC0-301F-11D3-BF4B-00C04F79EFBC}") = "216CombineSum3", "CombineSum3\216CombineSum3.csproj", "{73C648DF-3CDE-4450-BB8E-A22FEA69AC7D}"
EndProject
Project("{FAE04EC0-301F-11D3-BF4B-00C04F79EFBC}") = "217ContainsDuplicate", "ContainsDuplicate\217ContainsDuplicate.csproj", "{48E7A68F-B388-4E46-AA83-BACE2CDB3A49}"
EndProject
Project("{FAE04EC0-301F-11D3-BF4B-00C04F79EFBC}") = "219ContainsDuplicate2", "ContainsDuplicate2\219ContainsDuplicate2.csproj", "{ACF8575D-2CED-4888-9AB9-E9B80AF3BC88}"
EndProject
Project("{FAE04EC0-301F-11D3-BF4B-00C04F79EFBC}") = "220ContainsDuplicate3", "ContainsDuplicate3\220ContainsDuplicate3.csproj", "{806DDD36-8E0B-4EA0-82BB-9AD2FF17BA4C}"
EndProject
Project("{FAE04EC0-301F-11D3-BF4B-00C04F79EFBC}") = "242IsAnagram", "IsAnagram\242IsAnagram.csproj", "{B59BF6FF-1797-4D18-90BF-752828D507A7}"
EndProject
Project("{FAE04EC0-301F-11D3-BF4B-00C04F79EFBC}") = "241Parenthese", "Parenthese\241Parenthese.csproj", "{DE4902E3-36C4-4754-A90D-406E5A25DECB}"
EndProject
Project("{FAE04EC0-301F-11D3-BF4B-00C04F79EFBC}") = "240Search2dMatrix", "Search2dMatrix\240Search2dMatrix.csproj", "{E747A888-04E8-4EF5-B386-F08A5C38BA39}"
EndProject
Project("{FAE04EC0-301F-11D3-BF4B-00C04F79EFBC}") = "238ProductOrArrayExceptItself", "ProductOrArrayExceptItself\238ProductOrArrayExceptItself.csproj", "{3CFC7A95-8040-4C02-A6B0-8287F1055E8D}"
EndProject
Project("{FAE04EC0-301F-11D3-BF4B-00C04F79EFBC}") = "237DeleteNodeInLinkList", "DeleteNodeInLinkList\237DeleteNodeInLinkList.csproj", "{B5FBEDA5-94F1-488D-B5DE-99BA463CBBAA}"
EndProject
Global
	GlobalSection(SolutionConfigurationPlatforms) = preSolution
		Debug|Any CPU = Debug|Any CPU
		Release|Any CPU = Release|Any CPU
	EndGlobalSection
	GlobalSection(ProjectConfigurationPlatforms) = postSolution
		{3FBCE5EB-8C7A-4C0A-B4F0-DC7ED9A06E8A}.Debug|Any CPU.ActiveCfg = Debug|Any CPU
		{3FBCE5EB-8C7A-4C0A-B4F0-DC7ED9A06E8A}.Debug|Any CPU.Build.0 = Debug|Any CPU
		{3FBCE5EB-8C7A-4C0A-B4F0-DC7ED9A06E8A}.Release|Any CPU.ActiveCfg = Release|Any CPU
		{3FBCE5EB-8C7A-4C0A-B4F0-DC7ED9A06E8A}.Release|Any CPU.Build.0 = Release|Any CPU
		{9D50EB77-44DD-4BE6-A1EE-92EDABA43F59}.Debug|Any CPU.ActiveCfg = Debug|Any CPU
		{9D50EB77-44DD-4BE6-A1EE-92EDABA43F59}.Debug|Any CPU.Build.0 = Debug|Any CPU
		{9D50EB77-44DD-4BE6-A1EE-92EDABA43F59}.Release|Any CPU.ActiveCfg = Release|Any CPU
		{9D50EB77-44DD-4BE6-A1EE-92EDABA43F59}.Release|Any CPU.Build.0 = Release|Any CPU
		{3551A993-14E3-4FC1-8B88-8001A0F3932D}.Debug|Any CPU.ActiveCfg = Debug|Any CPU
		{3551A993-14E3-4FC1-8B88-8001A0F3932D}.Debug|Any CPU.Build.0 = Debug|Any CPU
		{3551A993-14E3-4FC1-8B88-8001A0F3932D}.Release|Any CPU.ActiveCfg = Release|Any CPU
		{3551A993-14E3-4FC1-8B88-8001A0F3932D}.Release|Any CPU.Build.0 = Release|Any CPU
		{EEF2CB70-3C39-4EE8-BC44-8AE9D52D6BC5}.Debug|Any CPU.ActiveCfg = Debug|Any CPU
		{EEF2CB70-3C39-4EE8-BC44-8AE9D52D6BC5}.Debug|Any CPU.Build.0 = Debug|Any CPU
		{EEF2CB70-3C39-4EE8-BC44-8AE9D52D6BC5}.Release|Any CPU.ActiveCfg = Release|Any CPU
		{EEF2CB70-3C39-4EE8-BC44-8AE9D52D6BC5}.Release|Any CPU.Build.0 = Release|Any CPU
		{5B207621-850D-4FB5-8ACD-AD45B78FBFAF}.Debug|Any CPU.ActiveCfg = Debug|Any CPU
		{5B207621-850D-4FB5-8ACD-AD45B78FBFAF}.Debug|Any CPU.Build.0 = Debug|Any CPU
		{5B207621-850D-4FB5-8ACD-AD45B78FBFAF}.Release|Any CPU.ActiveCfg = Release|Any CPU
		{5B207621-850D-4FB5-8ACD-AD45B78FBFAF}.Release|Any CPU.Build.0 = Release|Any CPU
		{C00FC70D-6F08-4172-A8F1-4C3BC9F47F86}.Debug|Any CPU.ActiveCfg = Debug|Any CPU
		{C00FC70D-6F08-4172-A8F1-4C3BC9F47F86}.Debug|Any CPU.Build.0 = Debug|Any CPU
		{C00FC70D-6F08-4172-A8F1-4C3BC9F47F86}.Release|Any CPU.ActiveCfg = Release|Any CPU
		{C00FC70D-6F08-4172-A8F1-4C3BC9F47F86}.Release|Any CPU.Build.0 = Release|Any CPU
		{95970603-BA6F-43F2-A450-0818CCB833EF}.Debug|Any CPU.ActiveCfg = Debug|Any CPU
		{95970603-BA6F-43F2-A450-0818CCB833EF}.Debug|Any CPU.Build.0 = Debug|Any CPU
		{95970603-BA6F-43F2-A450-0818CCB833EF}.Release|Any CPU.ActiveCfg = Release|Any CPU
		{95970603-BA6F-43F2-A450-0818CCB833EF}.Release|Any CPU.Build.0 = Release|Any CPU
		{36337D45-A848-4996-803F-C250C69FF2DB}.Debug|Any CPU.ActiveCfg = Debug|Any CPU
		{36337D45-A848-4996-803F-C250C69FF2DB}.Debug|Any CPU.Build.0 = Debug|Any CPU
		{36337D45-A848-4996-803F-C250C69FF2DB}.Release|Any CPU.ActiveCfg = Release|Any CPU
		{36337D45-A848-4996-803F-C250C69FF2DB}.Release|Any CPU.Build.0 = Release|Any CPU
		{3E618379-1A0E-487F-9BF3-8B737AB603FD}.Debug|Any CPU.ActiveCfg = Debug|Any CPU
		{3E618379-1A0E-487F-9BF3-8B737AB603FD}.Debug|Any CPU.Build.0 = Debug|Any CPU
		{3E618379-1A0E-487F-9BF3-8B737AB603FD}.Release|Any CPU.ActiveCfg = Release|Any CPU
		{3E618379-1A0E-487F-9BF3-8B737AB603FD}.Release|Any CPU.Build.0 = Release|Any CPU
		{1176BFBB-AB24-4367-96E2-384C1ED08175}.Debug|Any CPU.ActiveCfg = Debug|Any CPU
		{1176BFBB-AB24-4367-96E2-384C1ED08175}.Debug|Any CPU.Build.0 = Debug|Any CPU
		{1176BFBB-AB24-4367-96E2-384C1ED08175}.Release|Any CPU.ActiveCfg = Release|Any CPU
		{1176BFBB-AB24-4367-96E2-384C1ED08175}.Release|Any CPU.Build.0 = Release|Any CPU
		{E7D62254-1480-43A5-B50F-12E3282B5364}.Debug|Any CPU.ActiveCfg = Debug|Any CPU
		{E7D62254-1480-43A5-B50F-12E3282B5364}.Debug|Any CPU.Build.0 = Debug|Any CPU
		{E7D62254-1480-43A5-B50F-12E3282B5364}.Release|Any CPU.ActiveCfg = Release|Any CPU
		{E7D62254-1480-43A5-B50F-12E3282B5364}.Release|Any CPU.Build.0 = Release|Any CPU
		{9956DE1C-66A3-44C1-829C-61E7F43EE413}.Debug|Any CPU.ActiveCfg = Debug|Any CPU
		{9956DE1C-66A3-44C1-829C-61E7F43EE413}.Debug|Any CPU.Build.0 = Debug|Any CPU
		{9956DE1C-66A3-44C1-829C-61E7F43EE413}.Release|Any CPU.ActiveCfg = Release|Any CPU
		{9956DE1C-66A3-44C1-829C-61E7F43EE413}.Release|Any CPU.Build.0 = Release|Any CPU
		{8DED00B0-762F-4AE4-B3FE-D5FD80C8D69E}.Debug|Any CPU.ActiveCfg = Debug|Any CPU
		{8DED00B0-762F-4AE4-B3FE-D5FD80C8D69E}.Debug|Any CPU.Build.0 = Debug|Any CPU
		{8DED00B0-762F-4AE4-B3FE-D5FD80C8D69E}.Release|Any CPU.ActiveCfg = Release|Any CPU
		{8DED00B0-762F-4AE4-B3FE-D5FD80C8D69E}.Release|Any CPU.Build.0 = Release|Any CPU
		{5BDA8B30-3824-4D8E-B89C-BFE5DA2062E3}.Debug|Any CPU.ActiveCfg = Debug|Any CPU
		{5BDA8B30-3824-4D8E-B89C-BFE5DA2062E3}.Debug|Any CPU.Build.0 = Debug|Any CPU
		{5BDA8B30-3824-4D8E-B89C-BFE5DA2062E3}.Release|Any CPU.ActiveCfg = Release|Any CPU
		{5BDA8B30-3824-4D8E-B89C-BFE5DA2062E3}.Release|Any CPU.Build.0 = Release|Any CPU
		{74A8684B-C3A3-4BE4-8A56-36AC8354A2B2}.Debug|Any CPU.ActiveCfg = Debug|Any CPU
		{74A8684B-C3A3-4BE4-8A56-36AC8354A2B2}.Debug|Any CPU.Build.0 = Debug|Any CPU
		{74A8684B-C3A3-4BE4-8A56-36AC8354A2B2}.Release|Any CPU.ActiveCfg = Release|Any CPU
		{74A8684B-C3A3-4BE4-8A56-36AC8354A2B2}.Release|Any CPU.Build.0 = Release|Any CPU
		{63F50CBE-9219-43E5-ABD6-76C081806387}.Debug|Any CPU.ActiveCfg = Debug|Any CPU
		{63F50CBE-9219-43E5-ABD6-76C081806387}.Debug|Any CPU.Build.0 = Debug|Any CPU
		{63F50CBE-9219-43E5-ABD6-76C081806387}.Release|Any CPU.ActiveCfg = Release|Any CPU
		{63F50CBE-9219-43E5-ABD6-76C081806387}.Release|Any CPU.Build.0 = Release|Any CPU
		{D11B8D09-C20A-47F7-B2DE-65F67945D217}.Debug|Any CPU.ActiveCfg = Debug|Any CPU
		{D11B8D09-C20A-47F7-B2DE-65F67945D217}.Debug|Any CPU.Build.0 = Debug|Any CPU
		{D11B8D09-C20A-47F7-B2DE-65F67945D217}.Release|Any CPU.ActiveCfg = Release|Any CPU
		{D11B8D09-C20A-47F7-B2DE-65F67945D217}.Release|Any CPU.Build.0 = Release|Any CPU
		{E59E79F0-E14B-41BA-B5CF-B159F24FAF8B}.Debug|Any CPU.ActiveCfg = Debug|Any CPU
		{E59E79F0-E14B-41BA-B5CF-B159F24FAF8B}.Debug|Any CPU.Build.0 = Debug|Any CPU
		{E59E79F0-E14B-41BA-B5CF-B159F24FAF8B}.Release|Any CPU.ActiveCfg = Release|Any CPU
		{E59E79F0-E14B-41BA-B5CF-B159F24FAF8B}.Release|Any CPU.Build.0 = Release|Any CPU
		{4CDEC76A-1751-4B6B-A996-96894F9BFF61}.Debug|Any CPU.ActiveCfg = Debug|Any CPU
		{4CDEC76A-1751-4B6B-A996-96894F9BFF61}.Debug|Any CPU.Build.0 = Debug|Any CPU
		{4CDEC76A-1751-4B6B-A996-96894F9BFF61}.Release|Any CPU.ActiveCfg = Release|Any CPU
		{4CDEC76A-1751-4B6B-A996-96894F9BFF61}.Release|Any CPU.Build.0 = Release|Any CPU
		{24816418-B269-42C4-8EB7-4FF47118CE6D}.Debug|Any CPU.ActiveCfg = Debug|Any CPU
		{24816418-B269-42C4-8EB7-4FF47118CE6D}.Debug|Any CPU.Build.0 = Debug|Any CPU
		{24816418-B269-42C4-8EB7-4FF47118CE6D}.Release|Any CPU.ActiveCfg = Release|Any CPU
		{24816418-B269-42C4-8EB7-4FF47118CE6D}.Release|Any CPU.Build.0 = Release|Any CPU
		{8436CF0A-E704-4E52-9B11-D6776230BFB3}.Debug|Any CPU.ActiveCfg = Debug|Any CPU
		{8436CF0A-E704-4E52-9B11-D6776230BFB3}.Debug|Any CPU.Build.0 = Debug|Any CPU
		{8436CF0A-E704-4E52-9B11-D6776230BFB3}.Release|Any CPU.ActiveCfg = Release|Any CPU
		{8436CF0A-E704-4E52-9B11-D6776230BFB3}.Release|Any CPU.Build.0 = Release|Any CPU
		{66C9334B-0C22-4F1E-9242-00139919D609}.Debug|Any CPU.ActiveCfg = Debug|Any CPU
		{66C9334B-0C22-4F1E-9242-00139919D609}.Debug|Any CPU.Build.0 = Debug|Any CPU
		{66C9334B-0C22-4F1E-9242-00139919D609}.Release|Any CPU.ActiveCfg = Release|Any CPU
		{66C9334B-0C22-4F1E-9242-00139919D609}.Release|Any CPU.Build.0 = Release|Any CPU
		{147DFACF-15CC-4B94-B2A7-F50DD4B6271D}.Debug|Any CPU.ActiveCfg = Debug|Any CPU
		{147DFACF-15CC-4B94-B2A7-F50DD4B6271D}.Debug|Any CPU.Build.0 = Debug|Any CPU
		{147DFACF-15CC-4B94-B2A7-F50DD4B6271D}.Release|Any CPU.ActiveCfg = Release|Any CPU
		{147DFACF-15CC-4B94-B2A7-F50DD4B6271D}.Release|Any CPU.Build.0 = Release|Any CPU
		{F517B95F-CD4F-448D-B501-5AF3637DF0C2}.Debug|Any CPU.ActiveCfg = Debug|Any CPU
		{F517B95F-CD4F-448D-B501-5AF3637DF0C2}.Debug|Any CPU.Build.0 = Debug|Any CPU
		{F517B95F-CD4F-448D-B501-5AF3637DF0C2}.Release|Any CPU.ActiveCfg = Release|Any CPU
		{F517B95F-CD4F-448D-B501-5AF3637DF0C2}.Release|Any CPU.Build.0 = Release|Any CPU
		{FC104CCE-9179-4906-BD6C-2F7776518C0D}.Debug|Any CPU.ActiveCfg = Debug|Any CPU
		{FC104CCE-9179-4906-BD6C-2F7776518C0D}.Debug|Any CPU.Build.0 = Debug|Any CPU
		{FC104CCE-9179-4906-BD6C-2F7776518C0D}.Release|Any CPU.ActiveCfg = Release|Any CPU
		{FC104CCE-9179-4906-BD6C-2F7776518C0D}.Release|Any CPU.Build.0 = Release|Any CPU
		{1A6310DB-0F6C-4D7B-A2B0-22877C8524F1}.Debug|Any CPU.ActiveCfg = Debug|Any CPU
		{1A6310DB-0F6C-4D7B-A2B0-22877C8524F1}.Debug|Any CPU.Build.0 = Debug|Any CPU
		{1A6310DB-0F6C-4D7B-A2B0-22877C8524F1}.Release|Any CPU.ActiveCfg = Release|Any CPU
		{1A6310DB-0F6C-4D7B-A2B0-22877C8524F1}.Release|Any CPU.Build.0 = Release|Any CPU
		{697A5924-7B58-48F0-8FC1-C3723825A1B7}.Debug|Any CPU.ActiveCfg = Debug|Any CPU
		{697A5924-7B58-48F0-8FC1-C3723825A1B7}.Debug|Any CPU.Build.0 = Debug|Any CPU
		{697A5924-7B58-48F0-8FC1-C3723825A1B7}.Release|Any CPU.ActiveCfg = Release|Any CPU
		{697A5924-7B58-48F0-8FC1-C3723825A1B7}.Release|Any CPU.Build.0 = Release|Any CPU
		{C6AC42E7-6EED-47FB-8329-779C1770C72B}.Debug|Any CPU.ActiveCfg = Debug|Any CPU
		{C6AC42E7-6EED-47FB-8329-779C1770C72B}.Debug|Any CPU.Build.0 = Debug|Any CPU
		{C6AC42E7-6EED-47FB-8329-779C1770C72B}.Release|Any CPU.ActiveCfg = Release|Any CPU
		{C6AC42E7-6EED-47FB-8329-779C1770C72B}.Release|Any CPU.Build.0 = Release|Any CPU
		{1A30F0E2-3D3D-47B5-AFFA-30929C38D87C}.Debug|Any CPU.ActiveCfg = Debug|Any CPU
		{1A30F0E2-3D3D-47B5-AFFA-30929C38D87C}.Debug|Any CPU.Build.0 = Debug|Any CPU
		{1A30F0E2-3D3D-47B5-AFFA-30929C38D87C}.Release|Any CPU.ActiveCfg = Release|Any CPU
		{1A30F0E2-3D3D-47B5-AFFA-30929C38D87C}.Release|Any CPU.Build.0 = Release|Any CPU
		{76A9D327-1133-4246-9ABE-4976C06302F3}.Debug|Any CPU.ActiveCfg = Debug|Any CPU
		{76A9D327-1133-4246-9ABE-4976C06302F3}.Debug|Any CPU.Build.0 = Debug|Any CPU
		{76A9D327-1133-4246-9ABE-4976C06302F3}.Release|Any CPU.ActiveCfg = Release|Any CPU
		{76A9D327-1133-4246-9ABE-4976C06302F3}.Release|Any CPU.Build.0 = Release|Any CPU
		{310B2E81-7A2D-4561-9510-CFE0B316C1BB}.Debug|Any CPU.ActiveCfg = Debug|Any CPU
		{310B2E81-7A2D-4561-9510-CFE0B316C1BB}.Debug|Any CPU.Build.0 = Debug|Any CPU
		{310B2E81-7A2D-4561-9510-CFE0B316C1BB}.Release|Any CPU.ActiveCfg = Release|Any CPU
		{310B2E81-7A2D-4561-9510-CFE0B316C1BB}.Release|Any CPU.Build.0 = Release|Any CPU
		{1BD3304D-A302-4378-88B5-1067A5376835}.Debug|Any CPU.ActiveCfg = Debug|Any CPU
		{1BD3304D-A302-4378-88B5-1067A5376835}.Debug|Any CPU.Build.0 = Debug|Any CPU
		{1BD3304D-A302-4378-88B5-1067A5376835}.Release|Any CPU.ActiveCfg = Release|Any CPU
		{1BD3304D-A302-4378-88B5-1067A5376835}.Release|Any CPU.Build.0 = Release|Any CPU
		{F4BE9E76-17B5-42E4-AB28-640D81A94F69}.Debug|Any CPU.ActiveCfg = Debug|Any CPU
		{F4BE9E76-17B5-42E4-AB28-640D81A94F69}.Debug|Any CPU.Build.0 = Debug|Any CPU
		{F4BE9E76-17B5-42E4-AB28-640D81A94F69}.Release|Any CPU.ActiveCfg = Release|Any CPU
		{F4BE9E76-17B5-42E4-AB28-640D81A94F69}.Release|Any CPU.Build.0 = Release|Any CPU
		{68121C13-B18C-4A3E-9E67-3DD2BFB3BAF1}.Debug|Any CPU.ActiveCfg = Debug|Any CPU
		{68121C13-B18C-4A3E-9E67-3DD2BFB3BAF1}.Debug|Any CPU.Build.0 = Debug|Any CPU
		{68121C13-B18C-4A3E-9E67-3DD2BFB3BAF1}.Release|Any CPU.ActiveCfg = Release|Any CPU
		{68121C13-B18C-4A3E-9E67-3DD2BFB3BAF1}.Release|Any CPU.Build.0 = Release|Any CPU
		{38A2C5A0-3507-4FE1-878A-977119EAF663}.Debug|Any CPU.ActiveCfg = Debug|Any CPU
		{38A2C5A0-3507-4FE1-878A-977119EAF663}.Debug|Any CPU.Build.0 = Debug|Any CPU
		{38A2C5A0-3507-4FE1-878A-977119EAF663}.Release|Any CPU.ActiveCfg = Release|Any CPU
		{38A2C5A0-3507-4FE1-878A-977119EAF663}.Release|Any CPU.Build.0 = Release|Any CPU
		{B50B9714-3450-41CE-B6FF-96735FEAF4CC}.Debug|Any CPU.ActiveCfg = Debug|Any CPU
		{B50B9714-3450-41CE-B6FF-96735FEAF4CC}.Debug|Any CPU.Build.0 = Debug|Any CPU
		{B50B9714-3450-41CE-B6FF-96735FEAF4CC}.Release|Any CPU.ActiveCfg = Release|Any CPU
		{B50B9714-3450-41CE-B6FF-96735FEAF4CC}.Release|Any CPU.Build.0 = Release|Any CPU
		{D7B75BB8-AA22-4CFD-915D-2C36753E83E8}.Debug|Any CPU.ActiveCfg = Debug|Any CPU
		{D7B75BB8-AA22-4CFD-915D-2C36753E83E8}.Debug|Any CPU.Build.0 = Debug|Any CPU
		{D7B75BB8-AA22-4CFD-915D-2C36753E83E8}.Release|Any CPU.ActiveCfg = Release|Any CPU
		{D7B75BB8-AA22-4CFD-915D-2C36753E83E8}.Release|Any CPU.Build.0 = Release|Any CPU
		{0BE015F5-5BF6-449F-85D9-6737599D4896}.Debug|Any CPU.ActiveCfg = Debug|Any CPU
		{0BE015F5-5BF6-449F-85D9-6737599D4896}.Debug|Any CPU.Build.0 = Debug|Any CPU
		{0BE015F5-5BF6-449F-85D9-6737599D4896}.Release|Any CPU.ActiveCfg = Release|Any CPU
		{0BE015F5-5BF6-449F-85D9-6737599D4896}.Release|Any CPU.Build.0 = Release|Any CPU
		{25AA9784-767D-4310-A466-D1A936774469}.Debug|Any CPU.ActiveCfg = Debug|Any CPU
		{25AA9784-767D-4310-A466-D1A936774469}.Debug|Any CPU.Build.0 = Debug|Any CPU
		{25AA9784-767D-4310-A466-D1A936774469}.Release|Any CPU.ActiveCfg = Release|Any CPU
		{25AA9784-767D-4310-A466-D1A936774469}.Release|Any CPU.Build.0 = Release|Any CPU
		{369F9644-6105-41A9-B8CA-4D37013923BC}.Debug|Any CPU.ActiveCfg = Debug|Any CPU
		{369F9644-6105-41A9-B8CA-4D37013923BC}.Debug|Any CPU.Build.0 = Debug|Any CPU
		{369F9644-6105-41A9-B8CA-4D37013923BC}.Release|Any CPU.ActiveCfg = Release|Any CPU
		{369F9644-6105-41A9-B8CA-4D37013923BC}.Release|Any CPU.Build.0 = Release|Any CPU
		{8B89D3A6-974F-4EA3-85D2-0913E0C4612E}.Debug|Any CPU.ActiveCfg = Debug|Any CPU
		{8B89D3A6-974F-4EA3-85D2-0913E0C4612E}.Debug|Any CPU.Build.0 = Debug|Any CPU
		{8B89D3A6-974F-4EA3-85D2-0913E0C4612E}.Release|Any CPU.ActiveCfg = Release|Any CPU
		{8B89D3A6-974F-4EA3-85D2-0913E0C4612E}.Release|Any CPU.Build.0 = Release|Any CPU
		{24E87960-ABC6-4B0E-A99F-810FC30B6746}.Debug|Any CPU.ActiveCfg = Debug|Any CPU
		{24E87960-ABC6-4B0E-A99F-810FC30B6746}.Debug|Any CPU.Build.0 = Debug|Any CPU
		{24E87960-ABC6-4B0E-A99F-810FC30B6746}.Release|Any CPU.ActiveCfg = Release|Any CPU
		{24E87960-ABC6-4B0E-A99F-810FC30B6746}.Release|Any CPU.Build.0 = Release|Any CPU
		{372A47F0-2EFA-4BF9-B2C2-353537BE3A23}.Debug|Any CPU.ActiveCfg = Debug|Any CPU
		{372A47F0-2EFA-4BF9-B2C2-353537BE3A23}.Debug|Any CPU.Build.0 = Debug|Any CPU
		{372A47F0-2EFA-4BF9-B2C2-353537BE3A23}.Release|Any CPU.ActiveCfg = Release|Any CPU
		{372A47F0-2EFA-4BF9-B2C2-353537BE3A23}.Release|Any CPU.Build.0 = Release|Any CPU
		{0916C7F4-0D70-47C6-B0E9-48085663957F}.Debug|Any CPU.ActiveCfg = Debug|Any CPU
		{0916C7F4-0D70-47C6-B0E9-48085663957F}.Debug|Any CPU.Build.0 = Debug|Any CPU
		{0916C7F4-0D70-47C6-B0E9-48085663957F}.Release|Any CPU.ActiveCfg = Release|Any CPU
		{0916C7F4-0D70-47C6-B0E9-48085663957F}.Release|Any CPU.Build.0 = Release|Any CPU
		{CBBA48B6-5B0F-4E11-A561-7395AB4B43C3}.Debug|Any CPU.ActiveCfg = Debug|Any CPU
		{CBBA48B6-5B0F-4E11-A561-7395AB4B43C3}.Debug|Any CPU.Build.0 = Debug|Any CPU
		{CBBA48B6-5B0F-4E11-A561-7395AB4B43C3}.Release|Any CPU.ActiveCfg = Release|Any CPU
		{CBBA48B6-5B0F-4E11-A561-7395AB4B43C3}.Release|Any CPU.Build.0 = Release|Any CPU
		{10A75209-554A-4139-96BB-9EA2533EFBDF}.Debug|Any CPU.ActiveCfg = Debug|Any CPU
		{10A75209-554A-4139-96BB-9EA2533EFBDF}.Debug|Any CPU.Build.0 = Debug|Any CPU
		{10A75209-554A-4139-96BB-9EA2533EFBDF}.Release|Any CPU.ActiveCfg = Release|Any CPU
		{10A75209-554A-4139-96BB-9EA2533EFBDF}.Release|Any CPU.Build.0 = Release|Any CPU
		{13A6C351-765C-48F6-80A2-A4CF596B997A}.Debug|Any CPU.ActiveCfg = Debug|Any CPU
		{13A6C351-765C-48F6-80A2-A4CF596B997A}.Debug|Any CPU.Build.0 = Debug|Any CPU
		{13A6C351-765C-48F6-80A2-A4CF596B997A}.Release|Any CPU.ActiveCfg = Release|Any CPU
		{13A6C351-765C-48F6-80A2-A4CF596B997A}.Release|Any CPU.Build.0 = Release|Any CPU
		{F8AEA43D-9600-44E7-B23F-9E715736D874}.Debug|Any CPU.ActiveCfg = Debug|Any CPU
		{F8AEA43D-9600-44E7-B23F-9E715736D874}.Debug|Any CPU.Build.0 = Debug|Any CPU
		{F8AEA43D-9600-44E7-B23F-9E715736D874}.Release|Any CPU.ActiveCfg = Release|Any CPU
		{F8AEA43D-9600-44E7-B23F-9E715736D874}.Release|Any CPU.Build.0 = Release|Any CPU
		{9C8247BF-A4B3-4C8C-AE51-7EBBF1422F66}.Debug|Any CPU.ActiveCfg = Debug|Any CPU
		{9C8247BF-A4B3-4C8C-AE51-7EBBF1422F66}.Debug|Any CPU.Build.0 = Debug|Any CPU
		{9C8247BF-A4B3-4C8C-AE51-7EBBF1422F66}.Release|Any CPU.ActiveCfg = Release|Any CPU
		{9C8247BF-A4B3-4C8C-AE51-7EBBF1422F66}.Release|Any CPU.Build.0 = Release|Any CPU
		{19B7B356-6671-49D6-B47F-ECE6589E34F5}.Debug|Any CPU.ActiveCfg = Debug|Any CPU
		{19B7B356-6671-49D6-B47F-ECE6589E34F5}.Debug|Any CPU.Build.0 = Debug|Any CPU
		{19B7B356-6671-49D6-B47F-ECE6589E34F5}.Release|Any CPU.ActiveCfg = Release|Any CPU
		{19B7B356-6671-49D6-B47F-ECE6589E34F5}.Release|Any CPU.Build.0 = Release|Any CPU
		{2002399E-608C-4F18-BAF4-1228CAC24ECC}.Debug|Any CPU.ActiveCfg = Debug|Any CPU
		{2002399E-608C-4F18-BAF4-1228CAC24ECC}.Debug|Any CPU.Build.0 = Debug|Any CPU
		{2002399E-608C-4F18-BAF4-1228CAC24ECC}.Release|Any CPU.ActiveCfg = Release|Any CPU
		{2002399E-608C-4F18-BAF4-1228CAC24ECC}.Release|Any CPU.Build.0 = Release|Any CPU
		{DB6D5A40-3C66-4B0B-B5BE-D386D4398A7D}.Debug|Any CPU.ActiveCfg = Debug|Any CPU
		{DB6D5A40-3C66-4B0B-B5BE-D386D4398A7D}.Debug|Any CPU.Build.0 = Debug|Any CPU
		{DB6D5A40-3C66-4B0B-B5BE-D386D4398A7D}.Release|Any CPU.ActiveCfg = Release|Any CPU
		{DB6D5A40-3C66-4B0B-B5BE-D386D4398A7D}.Release|Any CPU.Build.0 = Release|Any CPU
		{D7C2A258-5E7A-41DA-82F9-8C5BDD0DAE3A}.Debug|Any CPU.ActiveCfg = Debug|Any CPU
		{D7C2A258-5E7A-41DA-82F9-8C5BDD0DAE3A}.Debug|Any CPU.Build.0 = Debug|Any CPU
		{D7C2A258-5E7A-41DA-82F9-8C5BDD0DAE3A}.Release|Any CPU.ActiveCfg = Release|Any CPU
		{D7C2A258-5E7A-41DA-82F9-8C5BDD0DAE3A}.Release|Any CPU.Build.0 = Release|Any CPU
		{E2FA2A6C-D855-43E5-AE0E-FCF53C002DA3}.Debug|Any CPU.ActiveCfg = Debug|Any CPU
		{E2FA2A6C-D855-43E5-AE0E-FCF53C002DA3}.Debug|Any CPU.Build.0 = Debug|Any CPU
		{E2FA2A6C-D855-43E5-AE0E-FCF53C002DA3}.Release|Any CPU.ActiveCfg = Release|Any CPU
		{E2FA2A6C-D855-43E5-AE0E-FCF53C002DA3}.Release|Any CPU.Build.0 = Release|Any CPU
		{38AD68F3-F0F3-4D42-94B4-55D25E1C90F1}.Debug|Any CPU.ActiveCfg = Debug|Any CPU
		{38AD68F3-F0F3-4D42-94B4-55D25E1C90F1}.Debug|Any CPU.Build.0 = Debug|Any CPU
		{38AD68F3-F0F3-4D42-94B4-55D25E1C90F1}.Release|Any CPU.ActiveCfg = Release|Any CPU
		{38AD68F3-F0F3-4D42-94B4-55D25E1C90F1}.Release|Any CPU.Build.0 = Release|Any CPU
		{27C5DF46-56E8-4C6A-ABD3-995DF3FBAB16}.Debug|Any CPU.ActiveCfg = Debug|Any CPU
		{27C5DF46-56E8-4C6A-ABD3-995DF3FBAB16}.Debug|Any CPU.Build.0 = Debug|Any CPU
		{27C5DF46-56E8-4C6A-ABD3-995DF3FBAB16}.Release|Any CPU.ActiveCfg = Release|Any CPU
		{27C5DF46-56E8-4C6A-ABD3-995DF3FBAB16}.Release|Any CPU.Build.0 = Release|Any CPU
		{F28B23D2-3E7D-44EE-B059-9C4D092DBA6D}.Debug|Any CPU.ActiveCfg = Debug|Any CPU
		{F28B23D2-3E7D-44EE-B059-9C4D092DBA6D}.Debug|Any CPU.Build.0 = Debug|Any CPU
		{F28B23D2-3E7D-44EE-B059-9C4D092DBA6D}.Release|Any CPU.ActiveCfg = Release|Any CPU
		{F28B23D2-3E7D-44EE-B059-9C4D092DBA6D}.Release|Any CPU.Build.0 = Release|Any CPU
		{B9342A4E-F850-480D-802E-07A6EFAC847A}.Debug|Any CPU.ActiveCfg = Debug|Any CPU
		{B9342A4E-F850-480D-802E-07A6EFAC847A}.Debug|Any CPU.Build.0 = Debug|Any CPU
		{B9342A4E-F850-480D-802E-07A6EFAC847A}.Release|Any CPU.ActiveCfg = Release|Any CPU
		{B9342A4E-F850-480D-802E-07A6EFAC847A}.Release|Any CPU.Build.0 = Release|Any CPU
		{93571161-2430-4D8C-B18D-417CB2303A01}.Debug|Any CPU.ActiveCfg = Debug|Any CPU
		{93571161-2430-4D8C-B18D-417CB2303A01}.Debug|Any CPU.Build.0 = Debug|Any CPU
		{93571161-2430-4D8C-B18D-417CB2303A01}.Release|Any CPU.ActiveCfg = Release|Any CPU
		{93571161-2430-4D8C-B18D-417CB2303A01}.Release|Any CPU.Build.0 = Release|Any CPU
		{A5825BEE-93D9-4BCB-8F75-0DD8D24F2BBF}.Debug|Any CPU.ActiveCfg = Debug|Any CPU
		{A5825BEE-93D9-4BCB-8F75-0DD8D24F2BBF}.Debug|Any CPU.Build.0 = Debug|Any CPU
		{A5825BEE-93D9-4BCB-8F75-0DD8D24F2BBF}.Release|Any CPU.ActiveCfg = Release|Any CPU
		{A5825BEE-93D9-4BCB-8F75-0DD8D24F2BBF}.Release|Any CPU.Build.0 = Release|Any CPU
		{1E12A71C-A30D-4359-9A7A-6C018C4A634E}.Debug|Any CPU.ActiveCfg = Debug|Any CPU
		{1E12A71C-A30D-4359-9A7A-6C018C4A634E}.Debug|Any CPU.Build.0 = Debug|Any CPU
		{1E12A71C-A30D-4359-9A7A-6C018C4A634E}.Release|Any CPU.ActiveCfg = Release|Any CPU
		{1E12A71C-A30D-4359-9A7A-6C018C4A634E}.Release|Any CPU.Build.0 = Release|Any CPU
		{A3E5A437-6309-4E89-A3D6-0A69BF3383D2}.Debug|Any CPU.ActiveCfg = Debug|Any CPU
		{A3E5A437-6309-4E89-A3D6-0A69BF3383D2}.Debug|Any CPU.Build.0 = Debug|Any CPU
		{A3E5A437-6309-4E89-A3D6-0A69BF3383D2}.Release|Any CPU.ActiveCfg = Release|Any CPU
		{A3E5A437-6309-4E89-A3D6-0A69BF3383D2}.Release|Any CPU.Build.0 = Release|Any CPU
		{4E71CB94-82E7-4C81-B06E-B347B01A2C6E}.Debug|Any CPU.ActiveCfg = Debug|Any CPU
		{4E71CB94-82E7-4C81-B06E-B347B01A2C6E}.Debug|Any CPU.Build.0 = Debug|Any CPU
		{4E71CB94-82E7-4C81-B06E-B347B01A2C6E}.Release|Any CPU.ActiveCfg = Release|Any CPU
		{4E71CB94-82E7-4C81-B06E-B347B01A2C6E}.Release|Any CPU.Build.0 = Release|Any CPU
		{70A672A5-C58A-4DFD-A187-38ABA56C7783}.Debug|Any CPU.ActiveCfg = Debug|Any CPU
		{70A672A5-C58A-4DFD-A187-38ABA56C7783}.Debug|Any CPU.Build.0 = Debug|Any CPU
		{70A672A5-C58A-4DFD-A187-38ABA56C7783}.Release|Any CPU.ActiveCfg = Release|Any CPU
		{70A672A5-C58A-4DFD-A187-38ABA56C7783}.Release|Any CPU.Build.0 = Release|Any CPU
		{BB6E5A6F-142A-45E0-933A-E2D6F12F008B}.Debug|Any CPU.ActiveCfg = Debug|Any CPU
		{BB6E5A6F-142A-45E0-933A-E2D6F12F008B}.Debug|Any CPU.Build.0 = Debug|Any CPU
		{BB6E5A6F-142A-45E0-933A-E2D6F12F008B}.Release|Any CPU.ActiveCfg = Release|Any CPU
		{BB6E5A6F-142A-45E0-933A-E2D6F12F008B}.Release|Any CPU.Build.0 = Release|Any CPU
		{CDBA3C34-4DF2-426D-8796-069CD40596DD}.Debug|Any CPU.ActiveCfg = Debug|Any CPU
		{CDBA3C34-4DF2-426D-8796-069CD40596DD}.Debug|Any CPU.Build.0 = Debug|Any CPU
		{CDBA3C34-4DF2-426D-8796-069CD40596DD}.Release|Any CPU.ActiveCfg = Release|Any CPU
		{CDBA3C34-4DF2-426D-8796-069CD40596DD}.Release|Any CPU.Build.0 = Release|Any CPU
		{9CAE8BB9-DF65-41CC-B7CD-4497A1CF682C}.Debug|Any CPU.ActiveCfg = Debug|Any CPU
		{9CAE8BB9-DF65-41CC-B7CD-4497A1CF682C}.Debug|Any CPU.Build.0 = Debug|Any CPU
		{9CAE8BB9-DF65-41CC-B7CD-4497A1CF682C}.Release|Any CPU.ActiveCfg = Release|Any CPU
		{9CAE8BB9-DF65-41CC-B7CD-4497A1CF682C}.Release|Any CPU.Build.0 = Release|Any CPU
		{A2DCA227-FB70-43B8-B247-A92221B7ED95}.Debug|Any CPU.ActiveCfg = Debug|Any CPU
		{A2DCA227-FB70-43B8-B247-A92221B7ED95}.Debug|Any CPU.Build.0 = Debug|Any CPU
		{A2DCA227-FB70-43B8-B247-A92221B7ED95}.Release|Any CPU.ActiveCfg = Release|Any CPU
		{A2DCA227-FB70-43B8-B247-A92221B7ED95}.Release|Any CPU.Build.0 = Release|Any CPU
		{266AEC63-DD27-44E7-AA3F-F96DFC202521}.Debug|Any CPU.ActiveCfg = Debug|Any CPU
		{266AEC63-DD27-44E7-AA3F-F96DFC202521}.Debug|Any CPU.Build.0 = Debug|Any CPU
		{266AEC63-DD27-44E7-AA3F-F96DFC202521}.Release|Any CPU.ActiveCfg = Release|Any CPU
		{266AEC63-DD27-44E7-AA3F-F96DFC202521}.Release|Any CPU.Build.0 = Release|Any CPU
		{7A39555E-F027-431C-9802-AB4CEB6D8517}.Debug|Any CPU.ActiveCfg = Debug|Any CPU
		{7A39555E-F027-431C-9802-AB4CEB6D8517}.Debug|Any CPU.Build.0 = Debug|Any CPU
		{7A39555E-F027-431C-9802-AB4CEB6D8517}.Release|Any CPU.ActiveCfg = Release|Any CPU
		{7A39555E-F027-431C-9802-AB4CEB6D8517}.Release|Any CPU.Build.0 = Release|Any CPU
		{3002B63B-5F16-4CCD-B8AD-CBE2672A9622}.Debug|Any CPU.ActiveCfg = Debug|Any CPU
		{3002B63B-5F16-4CCD-B8AD-CBE2672A9622}.Debug|Any CPU.Build.0 = Debug|Any CPU
		{3002B63B-5F16-4CCD-B8AD-CBE2672A9622}.Release|Any CPU.ActiveCfg = Release|Any CPU
		{3002B63B-5F16-4CCD-B8AD-CBE2672A9622}.Release|Any CPU.Build.0 = Release|Any CPU
		{548813B8-2E22-4CF8-8DFA-4B7F9071503A}.Debug|Any CPU.ActiveCfg = Debug|Any CPU
		{548813B8-2E22-4CF8-8DFA-4B7F9071503A}.Debug|Any CPU.Build.0 = Debug|Any CPU
		{548813B8-2E22-4CF8-8DFA-4B7F9071503A}.Release|Any CPU.ActiveCfg = Release|Any CPU
		{548813B8-2E22-4CF8-8DFA-4B7F9071503A}.Release|Any CPU.Build.0 = Release|Any CPU
		{6210AB69-6EEA-4571-A6B3-A2FD2F074112}.Debug|Any CPU.ActiveCfg = Debug|Any CPU
		{6210AB69-6EEA-4571-A6B3-A2FD2F074112}.Debug|Any CPU.Build.0 = Debug|Any CPU
		{6210AB69-6EEA-4571-A6B3-A2FD2F074112}.Release|Any CPU.ActiveCfg = Release|Any CPU
		{6210AB69-6EEA-4571-A6B3-A2FD2F074112}.Release|Any CPU.Build.0 = Release|Any CPU
		{D2DE6947-23B5-45D9-BB09-D4916EED3180}.Debug|Any CPU.ActiveCfg = Debug|Any CPU
		{D2DE6947-23B5-45D9-BB09-D4916EED3180}.Debug|Any CPU.Build.0 = Debug|Any CPU
		{D2DE6947-23B5-45D9-BB09-D4916EED3180}.Release|Any CPU.ActiveCfg = Release|Any CPU
		{D2DE6947-23B5-45D9-BB09-D4916EED3180}.Release|Any CPU.Build.0 = Release|Any CPU
		{D74361BF-FE55-4903-BAE9-896FE0AF0CFD}.Debug|Any CPU.ActiveCfg = Debug|Any CPU
		{D74361BF-FE55-4903-BAE9-896FE0AF0CFD}.Debug|Any CPU.Build.0 = Debug|Any CPU
		{D74361BF-FE55-4903-BAE9-896FE0AF0CFD}.Release|Any CPU.ActiveCfg = Release|Any CPU
		{D74361BF-FE55-4903-BAE9-896FE0AF0CFD}.Release|Any CPU.Build.0 = Release|Any CPU
		{336B809D-A8DB-46C1-8070-D76345E8D9D9}.Debug|Any CPU.ActiveCfg = Debug|Any CPU
		{336B809D-A8DB-46C1-8070-D76345E8D9D9}.Debug|Any CPU.Build.0 = Debug|Any CPU
		{336B809D-A8DB-46C1-8070-D76345E8D9D9}.Release|Any CPU.ActiveCfg = Release|Any CPU
		{336B809D-A8DB-46C1-8070-D76345E8D9D9}.Release|Any CPU.Build.0 = Release|Any CPU
		{2D4EBC8A-C34D-4F49-B50D-0A5D0D314835}.Debug|Any CPU.ActiveCfg = Debug|Any CPU
		{2D4EBC8A-C34D-4F49-B50D-0A5D0D314835}.Debug|Any CPU.Build.0 = Debug|Any CPU
		{2D4EBC8A-C34D-4F49-B50D-0A5D0D314835}.Release|Any CPU.ActiveCfg = Release|Any CPU
		{2D4EBC8A-C34D-4F49-B50D-0A5D0D314835}.Release|Any CPU.Build.0 = Release|Any CPU
		{96AC452A-7CCC-471E-9C99-B44F987F8482}.Debug|Any CPU.ActiveCfg = Debug|Any CPU
		{96AC452A-7CCC-471E-9C99-B44F987F8482}.Debug|Any CPU.Build.0 = Debug|Any CPU
		{96AC452A-7CCC-471E-9C99-B44F987F8482}.Release|Any CPU.ActiveCfg = Release|Any CPU
		{96AC452A-7CCC-471E-9C99-B44F987F8482}.Release|Any CPU.Build.0 = Release|Any CPU
		{3D37AF5C-7908-49C3-8EC0-73E4C8257202}.Debug|Any CPU.ActiveCfg = Debug|Any CPU
		{3D37AF5C-7908-49C3-8EC0-73E4C8257202}.Debug|Any CPU.Build.0 = Debug|Any CPU
		{3D37AF5C-7908-49C3-8EC0-73E4C8257202}.Release|Any CPU.ActiveCfg = Release|Any CPU
		{3D37AF5C-7908-49C3-8EC0-73E4C8257202}.Release|Any CPU.Build.0 = Release|Any CPU
		{AF8750CF-6F35-4C09-ADFF-537AFE1E6DDA}.Debug|Any CPU.ActiveCfg = Debug|Any CPU
		{AF8750CF-6F35-4C09-ADFF-537AFE1E6DDA}.Debug|Any CPU.Build.0 = Debug|Any CPU
		{AF8750CF-6F35-4C09-ADFF-537AFE1E6DDA}.Release|Any CPU.ActiveCfg = Release|Any CPU
		{AF8750CF-6F35-4C09-ADFF-537AFE1E6DDA}.Release|Any CPU.Build.0 = Release|Any CPU
		{C0C5FB33-FAA7-4F3D-8459-1B5E56050CE1}.Debug|Any CPU.ActiveCfg = Debug|Any CPU
		{C0C5FB33-FAA7-4F3D-8459-1B5E56050CE1}.Debug|Any CPU.Build.0 = Debug|Any CPU
		{C0C5FB33-FAA7-4F3D-8459-1B5E56050CE1}.Release|Any CPU.ActiveCfg = Release|Any CPU
		{C0C5FB33-FAA7-4F3D-8459-1B5E56050CE1}.Release|Any CPU.Build.0 = Release|Any CPU
		{2BF8574B-F85C-4509-98FC-29522E06A0FC}.Debug|Any CPU.ActiveCfg = Debug|Any CPU
		{2BF8574B-F85C-4509-98FC-29522E06A0FC}.Debug|Any CPU.Build.0 = Debug|Any CPU
		{2BF8574B-F85C-4509-98FC-29522E06A0FC}.Release|Any CPU.ActiveCfg = Release|Any CPU
		{2BF8574B-F85C-4509-98FC-29522E06A0FC}.Release|Any CPU.Build.0 = Release|Any CPU
		{B7E4554A-4F10-4A15-9A8F-E92CEF69597E}.Debug|Any CPU.ActiveCfg = Debug|Any CPU
		{B7E4554A-4F10-4A15-9A8F-E92CEF69597E}.Debug|Any CPU.Build.0 = Debug|Any CPU
		{B7E4554A-4F10-4A15-9A8F-E92CEF69597E}.Release|Any CPU.ActiveCfg = Release|Any CPU
		{B7E4554A-4F10-4A15-9A8F-E92CEF69597E}.Release|Any CPU.Build.0 = Release|Any CPU
		{C902754D-F1D0-4C68-9B0E-F0BB210E0117}.Debug|Any CPU.ActiveCfg = Debug|Any CPU
		{C902754D-F1D0-4C68-9B0E-F0BB210E0117}.Debug|Any CPU.Build.0 = Debug|Any CPU
		{C902754D-F1D0-4C68-9B0E-F0BB210E0117}.Release|Any CPU.ActiveCfg = Release|Any CPU
		{C902754D-F1D0-4C68-9B0E-F0BB210E0117}.Release|Any CPU.Build.0 = Release|Any CPU
		{293C5330-F966-4FB8-881A-4AA8208723E6}.Debug|Any CPU.ActiveCfg = Debug|Any CPU
		{293C5330-F966-4FB8-881A-4AA8208723E6}.Debug|Any CPU.Build.0 = Debug|Any CPU
		{293C5330-F966-4FB8-881A-4AA8208723E6}.Release|Any CPU.ActiveCfg = Release|Any CPU
		{293C5330-F966-4FB8-881A-4AA8208723E6}.Release|Any CPU.Build.0 = Release|Any CPU
		{159A864A-8A5F-44F8-8EA6-6D29E6C19D40}.Debug|Any CPU.ActiveCfg = Debug|Any CPU
		{159A864A-8A5F-44F8-8EA6-6D29E6C19D40}.Debug|Any CPU.Build.0 = Debug|Any CPU
		{159A864A-8A5F-44F8-8EA6-6D29E6C19D40}.Release|Any CPU.ActiveCfg = Release|Any CPU
		{159A864A-8A5F-44F8-8EA6-6D29E6C19D40}.Release|Any CPU.Build.0 = Release|Any CPU
		{DB736E65-9E48-4EB8-AC6F-679397046544}.Debug|Any CPU.ActiveCfg = Debug|Any CPU
		{DB736E65-9E48-4EB8-AC6F-679397046544}.Debug|Any CPU.Build.0 = Debug|Any CPU
		{DB736E65-9E48-4EB8-AC6F-679397046544}.Release|Any CPU.ActiveCfg = Release|Any CPU
		{DB736E65-9E48-4EB8-AC6F-679397046544}.Release|Any CPU.Build.0 = Release|Any CPU
		{AA5615F0-AC34-4F90-941C-56186FFA19ED}.Debug|Any CPU.ActiveCfg = Debug|Any CPU
		{AA5615F0-AC34-4F90-941C-56186FFA19ED}.Debug|Any CPU.Build.0 = Debug|Any CPU
		{AA5615F0-AC34-4F90-941C-56186FFA19ED}.Release|Any CPU.ActiveCfg = Release|Any CPU
		{AA5615F0-AC34-4F90-941C-56186FFA19ED}.Release|Any CPU.Build.0 = Release|Any CPU
		{5B54C607-CD1B-4CC0-817C-EBF122FCAA12}.Debug|Any CPU.ActiveCfg = Debug|Any CPU
		{5B54C607-CD1B-4CC0-817C-EBF122FCAA12}.Debug|Any CPU.Build.0 = Debug|Any CPU
		{5B54C607-CD1B-4CC0-817C-EBF122FCAA12}.Release|Any CPU.ActiveCfg = Release|Any CPU
		{5B54C607-CD1B-4CC0-817C-EBF122FCAA12}.Release|Any CPU.Build.0 = Release|Any CPU
		{83CE0099-8B20-4C3B-9E7D-BB0F1991E114}.Debug|Any CPU.ActiveCfg = Debug|Any CPU
		{83CE0099-8B20-4C3B-9E7D-BB0F1991E114}.Debug|Any CPU.Build.0 = Debug|Any CPU
		{83CE0099-8B20-4C3B-9E7D-BB0F1991E114}.Release|Any CPU.ActiveCfg = Release|Any CPU
		{83CE0099-8B20-4C3B-9E7D-BB0F1991E114}.Release|Any CPU.Build.0 = Release|Any CPU
		{BAE5A0BC-1859-41A3-97F3-6E73692BF43E}.Debug|Any CPU.ActiveCfg = Debug|Any CPU
		{BAE5A0BC-1859-41A3-97F3-6E73692BF43E}.Debug|Any CPU.Build.0 = Debug|Any CPU
		{BAE5A0BC-1859-41A3-97F3-6E73692BF43E}.Release|Any CPU.ActiveCfg = Release|Any CPU
		{BAE5A0BC-1859-41A3-97F3-6E73692BF43E}.Release|Any CPU.Build.0 = Release|Any CPU
		{CA73ED2A-CE4B-4D27-8E7C-2BE35A57E2C0}.Debug|Any CPU.ActiveCfg = Debug|Any CPU
		{CA73ED2A-CE4B-4D27-8E7C-2BE35A57E2C0}.Debug|Any CPU.Build.0 = Debug|Any CPU
		{CA73ED2A-CE4B-4D27-8E7C-2BE35A57E2C0}.Release|Any CPU.ActiveCfg = Release|Any CPU
		{CA73ED2A-CE4B-4D27-8E7C-2BE35A57E2C0}.Release|Any CPU.Build.0 = Release|Any CPU
		{53722B40-F8B7-465F-BB5F-A37BD3DABC92}.Debug|Any CPU.ActiveCfg = Debug|Any CPU
		{53722B40-F8B7-465F-BB5F-A37BD3DABC92}.Debug|Any CPU.Build.0 = Debug|Any CPU
		{53722B40-F8B7-465F-BB5F-A37BD3DABC92}.Release|Any CPU.ActiveCfg = Release|Any CPU
		{53722B40-F8B7-465F-BB5F-A37BD3DABC92}.Release|Any CPU.Build.0 = Release|Any CPU
		{CEF33D48-B758-432E-842F-CFE5922AA4DF}.Debug|Any CPU.ActiveCfg = Debug|Any CPU
		{CEF33D48-B758-432E-842F-CFE5922AA4DF}.Debug|Any CPU.Build.0 = Debug|Any CPU
		{CEF33D48-B758-432E-842F-CFE5922AA4DF}.Release|Any CPU.ActiveCfg = Release|Any CPU
		{CEF33D48-B758-432E-842F-CFE5922AA4DF}.Release|Any CPU.Build.0 = Release|Any CPU
		{202D9C21-0DE2-4E93-BE4F-B1E8174DFF69}.Debug|Any CPU.ActiveCfg = Debug|Any CPU
		{202D9C21-0DE2-4E93-BE4F-B1E8174DFF69}.Debug|Any CPU.Build.0 = Debug|Any CPU
		{202D9C21-0DE2-4E93-BE4F-B1E8174DFF69}.Release|Any CPU.ActiveCfg = Release|Any CPU
		{202D9C21-0DE2-4E93-BE4F-B1E8174DFF69}.Release|Any CPU.Build.0 = Release|Any CPU
		{60059374-0CDE-4E09-A92F-D707782F5CEE}.Debug|Any CPU.ActiveCfg = Debug|Any CPU
		{60059374-0CDE-4E09-A92F-D707782F5CEE}.Debug|Any CPU.Build.0 = Debug|Any CPU
		{60059374-0CDE-4E09-A92F-D707782F5CEE}.Release|Any CPU.ActiveCfg = Release|Any CPU
		{60059374-0CDE-4E09-A92F-D707782F5CEE}.Release|Any CPU.Build.0 = Release|Any CPU
		{F8BC37DC-D7A5-484F-803B-8678775D0178}.Debug|Any CPU.ActiveCfg = Debug|Any CPU
		{F8BC37DC-D7A5-484F-803B-8678775D0178}.Debug|Any CPU.Build.0 = Debug|Any CPU
		{F8BC37DC-D7A5-484F-803B-8678775D0178}.Release|Any CPU.ActiveCfg = Release|Any CPU
		{F8BC37DC-D7A5-484F-803B-8678775D0178}.Release|Any CPU.Build.0 = Release|Any CPU
		{57B1659E-6CCA-4822-8862-BFF35119EDFD}.Debug|Any CPU.ActiveCfg = Debug|Any CPU
		{57B1659E-6CCA-4822-8862-BFF35119EDFD}.Debug|Any CPU.Build.0 = Debug|Any CPU
		{57B1659E-6CCA-4822-8862-BFF35119EDFD}.Release|Any CPU.ActiveCfg = Release|Any CPU
		{57B1659E-6CCA-4822-8862-BFF35119EDFD}.Release|Any CPU.Build.0 = Release|Any CPU
		{66A2C572-2ECB-4FEE-BAE7-2715CC1590B8}.Debug|Any CPU.ActiveCfg = Debug|Any CPU
		{66A2C572-2ECB-4FEE-BAE7-2715CC1590B8}.Debug|Any CPU.Build.0 = Debug|Any CPU
		{66A2C572-2ECB-4FEE-BAE7-2715CC1590B8}.Release|Any CPU.ActiveCfg = Release|Any CPU
		{66A2C572-2ECB-4FEE-BAE7-2715CC1590B8}.Release|Any CPU.Build.0 = Release|Any CPU
		{34318090-649F-432C-B440-B8318A5A03C6}.Debug|Any CPU.ActiveCfg = Debug|Any CPU
		{34318090-649F-432C-B440-B8318A5A03C6}.Debug|Any CPU.Build.0 = Debug|Any CPU
		{34318090-649F-432C-B440-B8318A5A03C6}.Release|Any CPU.ActiveCfg = Release|Any CPU
		{34318090-649F-432C-B440-B8318A5A03C6}.Release|Any CPU.Build.0 = Release|Any CPU
		{EB077BA9-1DF9-4156-AE22-0660C9EBA429}.Debug|Any CPU.ActiveCfg = Debug|Any CPU
		{EB077BA9-1DF9-4156-AE22-0660C9EBA429}.Debug|Any CPU.Build.0 = Debug|Any CPU
		{EB077BA9-1DF9-4156-AE22-0660C9EBA429}.Release|Any CPU.ActiveCfg = Release|Any CPU
		{EB077BA9-1DF9-4156-AE22-0660C9EBA429}.Release|Any CPU.Build.0 = Release|Any CPU
		{07EE49E9-2F4C-44E2-9B10-250C83E676B1}.Debug|Any CPU.ActiveCfg = Debug|Any CPU
		{07EE49E9-2F4C-44E2-9B10-250C83E676B1}.Debug|Any CPU.Build.0 = Debug|Any CPU
		{07EE49E9-2F4C-44E2-9B10-250C83E676B1}.Release|Any CPU.ActiveCfg = Release|Any CPU
		{07EE49E9-2F4C-44E2-9B10-250C83E676B1}.Release|Any CPU.Build.0 = Release|Any CPU
		{0737E748-1333-4782-9FEE-743DD70D03C6}.Debug|Any CPU.ActiveCfg = Debug|Any CPU
		{0737E748-1333-4782-9FEE-743DD70D03C6}.Debug|Any CPU.Build.0 = Debug|Any CPU
		{0737E748-1333-4782-9FEE-743DD70D03C6}.Release|Any CPU.ActiveCfg = Release|Any CPU
		{0737E748-1333-4782-9FEE-743DD70D03C6}.Release|Any CPU.Build.0 = Release|Any CPU
		{04BA0DC0-ED0C-4BCA-8008-FD6E4C1935B4}.Debug|Any CPU.ActiveCfg = Debug|Any CPU
		{04BA0DC0-ED0C-4BCA-8008-FD6E4C1935B4}.Debug|Any CPU.Build.0 = Debug|Any CPU
		{04BA0DC0-ED0C-4BCA-8008-FD6E4C1935B4}.Release|Any CPU.ActiveCfg = Release|Any CPU
		{04BA0DC0-ED0C-4BCA-8008-FD6E4C1935B4}.Release|Any CPU.Build.0 = Release|Any CPU
		{2D0AE463-BBF3-4129-BC46-63431965D4B8}.Debug|Any CPU.ActiveCfg = Debug|Any CPU
		{2D0AE463-BBF3-4129-BC46-63431965D4B8}.Debug|Any CPU.Build.0 = Debug|Any CPU
		{2D0AE463-BBF3-4129-BC46-63431965D4B8}.Release|Any CPU.ActiveCfg = Release|Any CPU
		{2D0AE463-BBF3-4129-BC46-63431965D4B8}.Release|Any CPU.Build.0 = Release|Any CPU
		{E5CAB61D-D16F-49AE-BFDA-CC5E17BB97EC}.Debug|Any CPU.ActiveCfg = Debug|Any CPU
		{E5CAB61D-D16F-49AE-BFDA-CC5E17BB97EC}.Debug|Any CPU.Build.0 = Debug|Any CPU
		{E5CAB61D-D16F-49AE-BFDA-CC5E17BB97EC}.Release|Any CPU.ActiveCfg = Release|Any CPU
		{E5CAB61D-D16F-49AE-BFDA-CC5E17BB97EC}.Release|Any CPU.Build.0 = Release|Any CPU
		{7ED8D0CB-CC7A-44BA-A6A3-7EFF216BE589}.Debug|Any CPU.ActiveCfg = Debug|Any CPU
		{7ED8D0CB-CC7A-44BA-A6A3-7EFF216BE589}.Debug|Any CPU.Build.0 = Debug|Any CPU
		{7ED8D0CB-CC7A-44BA-A6A3-7EFF216BE589}.Release|Any CPU.ActiveCfg = Release|Any CPU
		{7ED8D0CB-CC7A-44BA-A6A3-7EFF216BE589}.Release|Any CPU.Build.0 = Release|Any CPU
		{F0444029-AD5C-4D7B-8CA6-2D01CDC04A22}.Debug|Any CPU.ActiveCfg = Debug|Any CPU
		{F0444029-AD5C-4D7B-8CA6-2D01CDC04A22}.Debug|Any CPU.Build.0 = Debug|Any CPU
		{F0444029-AD5C-4D7B-8CA6-2D01CDC04A22}.Release|Any CPU.ActiveCfg = Release|Any CPU
		{F0444029-AD5C-4D7B-8CA6-2D01CDC04A22}.Release|Any CPU.Build.0 = Release|Any CPU
		{B37FB0E1-C1B9-4851-9CA8-5F11773D0B9D}.Debug|Any CPU.ActiveCfg = Debug|Any CPU
		{B37FB0E1-C1B9-4851-9CA8-5F11773D0B9D}.Debug|Any CPU.Build.0 = Debug|Any CPU
		{B37FB0E1-C1B9-4851-9CA8-5F11773D0B9D}.Release|Any CPU.ActiveCfg = Release|Any CPU
		{B37FB0E1-C1B9-4851-9CA8-5F11773D0B9D}.Release|Any CPU.Build.0 = Release|Any CPU
		{6564474D-79AA-4F0B-9990-0926B708107E}.Debug|Any CPU.ActiveCfg = Debug|Any CPU
		{6564474D-79AA-4F0B-9990-0926B708107E}.Debug|Any CPU.Build.0 = Debug|Any CPU
		{6564474D-79AA-4F0B-9990-0926B708107E}.Release|Any CPU.ActiveCfg = Release|Any CPU
		{6564474D-79AA-4F0B-9990-0926B708107E}.Release|Any CPU.Build.0 = Release|Any CPU
		{AD8D425B-FB3A-4E77-8E49-F1DE904219A4}.Debug|Any CPU.ActiveCfg = Debug|Any CPU
		{AD8D425B-FB3A-4E77-8E49-F1DE904219A4}.Debug|Any CPU.Build.0 = Debug|Any CPU
		{AD8D425B-FB3A-4E77-8E49-F1DE904219A4}.Release|Any CPU.ActiveCfg = Release|Any CPU
		{AD8D425B-FB3A-4E77-8E49-F1DE904219A4}.Release|Any CPU.Build.0 = Release|Any CPU
		{DCFDB724-0CDE-46E5-A08B-4A71A087F62A}.Debug|Any CPU.ActiveCfg = Debug|Any CPU
		{DCFDB724-0CDE-46E5-A08B-4A71A087F62A}.Debug|Any CPU.Build.0 = Debug|Any CPU
		{DCFDB724-0CDE-46E5-A08B-4A71A087F62A}.Release|Any CPU.ActiveCfg = Release|Any CPU
		{DCFDB724-0CDE-46E5-A08B-4A71A087F62A}.Release|Any CPU.Build.0 = Release|Any CPU
		{E4683A64-DB79-4155-8522-3F6ABBF2CBA7}.Debug|Any CPU.ActiveCfg = Debug|Any CPU
		{E4683A64-DB79-4155-8522-3F6ABBF2CBA7}.Debug|Any CPU.Build.0 = Debug|Any CPU
		{E4683A64-DB79-4155-8522-3F6ABBF2CBA7}.Release|Any CPU.ActiveCfg = Release|Any CPU
		{E4683A64-DB79-4155-8522-3F6ABBF2CBA7}.Release|Any CPU.Build.0 = Release|Any CPU
		{BF90D8C5-298C-4F08-A3EA-7D03C930E09B}.Debug|Any CPU.ActiveCfg = Debug|Any CPU
		{BF90D8C5-298C-4F08-A3EA-7D03C930E09B}.Debug|Any CPU.Build.0 = Debug|Any CPU
		{BF90D8C5-298C-4F08-A3EA-7D03C930E09B}.Release|Any CPU.ActiveCfg = Release|Any CPU
		{BF90D8C5-298C-4F08-A3EA-7D03C930E09B}.Release|Any CPU.Build.0 = Release|Any CPU
		{E3E150D4-1C24-48EB-8F20-A0C86ED993C8}.Debug|Any CPU.ActiveCfg = Debug|Any CPU
		{E3E150D4-1C24-48EB-8F20-A0C86ED993C8}.Debug|Any CPU.Build.0 = Debug|Any CPU
		{E3E150D4-1C24-48EB-8F20-A0C86ED993C8}.Release|Any CPU.ActiveCfg = Release|Any CPU
		{E3E150D4-1C24-48EB-8F20-A0C86ED993C8}.Release|Any CPU.Build.0 = Release|Any CPU
		{706FE8FE-E931-4CF1-BD07-02D4B1638D1E}.Debug|Any CPU.ActiveCfg = Debug|Any CPU
		{706FE8FE-E931-4CF1-BD07-02D4B1638D1E}.Debug|Any CPU.Build.0 = Debug|Any CPU
		{706FE8FE-E931-4CF1-BD07-02D4B1638D1E}.Release|Any CPU.ActiveCfg = Release|Any CPU
		{706FE8FE-E931-4CF1-BD07-02D4B1638D1E}.Release|Any CPU.Build.0 = Release|Any CPU
		{25F1A61D-A05E-446C-AA9B-075EE4FD5FE6}.Debug|Any CPU.ActiveCfg = Debug|Any CPU
		{25F1A61D-A05E-446C-AA9B-075EE4FD5FE6}.Debug|Any CPU.Build.0 = Debug|Any CPU
		{25F1A61D-A05E-446C-AA9B-075EE4FD5FE6}.Release|Any CPU.ActiveCfg = Release|Any CPU
		{25F1A61D-A05E-446C-AA9B-075EE4FD5FE6}.Release|Any CPU.Build.0 = Release|Any CPU
		{CD9568FC-1BA1-4EF8-805F-5D17F662E306}.Debug|Any CPU.ActiveCfg = Debug|Any CPU
		{CD9568FC-1BA1-4EF8-805F-5D17F662E306}.Debug|Any CPU.Build.0 = Debug|Any CPU
		{CD9568FC-1BA1-4EF8-805F-5D17F662E306}.Release|Any CPU.ActiveCfg = Release|Any CPU
		{CD9568FC-1BA1-4EF8-805F-5D17F662E306}.Release|Any CPU.Build.0 = Release|Any CPU
		{D2188335-5355-403F-AE88-8731BCE0916F}.Debug|Any CPU.ActiveCfg = Debug|Any CPU
		{D2188335-5355-403F-AE88-8731BCE0916F}.Debug|Any CPU.Build.0 = Debug|Any CPU
		{D2188335-5355-403F-AE88-8731BCE0916F}.Release|Any CPU.ActiveCfg = Release|Any CPU
		{D2188335-5355-403F-AE88-8731BCE0916F}.Release|Any CPU.Build.0 = Release|Any CPU
		{0270FE94-BCE1-48D2-A5BF-9C1A5493E061}.Debug|Any CPU.ActiveCfg = Debug|Any CPU
		{0270FE94-BCE1-48D2-A5BF-9C1A5493E061}.Debug|Any CPU.Build.0 = Debug|Any CPU
		{0270FE94-BCE1-48D2-A5BF-9C1A5493E061}.Release|Any CPU.ActiveCfg = Release|Any CPU
		{0270FE94-BCE1-48D2-A5BF-9C1A5493E061}.Release|Any CPU.Build.0 = Release|Any CPU
		{E68E37B0-6850-4A2D-984D-30D9067CB9E0}.Debug|Any CPU.ActiveCfg = Debug|Any CPU
		{E68E37B0-6850-4A2D-984D-30D9067CB9E0}.Debug|Any CPU.Build.0 = Debug|Any CPU
		{E68E37B0-6850-4A2D-984D-30D9067CB9E0}.Release|Any CPU.ActiveCfg = Release|Any CPU
		{E68E37B0-6850-4A2D-984D-30D9067CB9E0}.Release|Any CPU.Build.0 = Release|Any CPU
		{B7E9C253-AECF-4140-AEEC-05EB7C4DA444}.Debug|Any CPU.ActiveCfg = Debug|Any CPU
		{B7E9C253-AECF-4140-AEEC-05EB7C4DA444}.Debug|Any CPU.Build.0 = Debug|Any CPU
		{B7E9C253-AECF-4140-AEEC-05EB7C4DA444}.Release|Any CPU.ActiveCfg = Release|Any CPU
		{B7E9C253-AECF-4140-AEEC-05EB7C4DA444}.Release|Any CPU.Build.0 = Release|Any CPU
		{99285B73-B42A-4209-B536-99142DBDFE03}.Debug|Any CPU.ActiveCfg = Debug|Any CPU
		{99285B73-B42A-4209-B536-99142DBDFE03}.Debug|Any CPU.Build.0 = Debug|Any CPU
		{99285B73-B42A-4209-B536-99142DBDFE03}.Release|Any CPU.ActiveCfg = Release|Any CPU
		{99285B73-B42A-4209-B536-99142DBDFE03}.Release|Any CPU.Build.0 = Release|Any CPU
		{6903E555-7E5F-483D-B658-3FD0DACDDC71}.Debug|Any CPU.ActiveCfg = Debug|Any CPU
		{6903E555-7E5F-483D-B658-3FD0DACDDC71}.Debug|Any CPU.Build.0 = Debug|Any CPU
		{6903E555-7E5F-483D-B658-3FD0DACDDC71}.Release|Any CPU.ActiveCfg = Release|Any CPU
		{6903E555-7E5F-483D-B658-3FD0DACDDC71}.Release|Any CPU.Build.0 = Release|Any CPU
		{7833A441-69F7-4931-8B42-4C6EFA1BDD4D}.Debug|Any CPU.ActiveCfg = Debug|Any CPU
		{7833A441-69F7-4931-8B42-4C6EFA1BDD4D}.Debug|Any CPU.Build.0 = Debug|Any CPU
		{7833A441-69F7-4931-8B42-4C6EFA1BDD4D}.Release|Any CPU.ActiveCfg = Release|Any CPU
		{7833A441-69F7-4931-8B42-4C6EFA1BDD4D}.Release|Any CPU.Build.0 = Release|Any CPU
		{2455FA4B-4CA4-48B1-BA83-E2184DF7EE81}.Debug|Any CPU.ActiveCfg = Debug|Any CPU
		{2455FA4B-4CA4-48B1-BA83-E2184DF7EE81}.Debug|Any CPU.Build.0 = Debug|Any CPU
		{2455FA4B-4CA4-48B1-BA83-E2184DF7EE81}.Release|Any CPU.ActiveCfg = Release|Any CPU
		{2455FA4B-4CA4-48B1-BA83-E2184DF7EE81}.Release|Any CPU.Build.0 = Release|Any CPU
		{A9130F39-DC22-4F51-803B-7E398A76D8D4}.Debug|Any CPU.ActiveCfg = Debug|Any CPU
		{A9130F39-DC22-4F51-803B-7E398A76D8D4}.Debug|Any CPU.Build.0 = Debug|Any CPU
		{A9130F39-DC22-4F51-803B-7E398A76D8D4}.Release|Any CPU.ActiveCfg = Release|Any CPU
		{A9130F39-DC22-4F51-803B-7E398A76D8D4}.Release|Any CPU.Build.0 = Release|Any CPU
		{BE0020B1-3DE2-42D6-BA62-4D9D11580ED4}.Debug|Any CPU.ActiveCfg = Debug|Any CPU
		{BE0020B1-3DE2-42D6-BA62-4D9D11580ED4}.Debug|Any CPU.Build.0 = Debug|Any CPU
		{BE0020B1-3DE2-42D6-BA62-4D9D11580ED4}.Release|Any CPU.ActiveCfg = Release|Any CPU
		{BE0020B1-3DE2-42D6-BA62-4D9D11580ED4}.Release|Any CPU.Build.0 = Release|Any CPU
		{297C3481-58BA-45F7-A7D5-A1E0A668A628}.Debug|Any CPU.ActiveCfg = Debug|Any CPU
		{297C3481-58BA-45F7-A7D5-A1E0A668A628}.Debug|Any CPU.Build.0 = Debug|Any CPU
		{297C3481-58BA-45F7-A7D5-A1E0A668A628}.Release|Any CPU.ActiveCfg = Release|Any CPU
		{297C3481-58BA-45F7-A7D5-A1E0A668A628}.Release|Any CPU.Build.0 = Release|Any CPU
		{578527E5-B51D-42A7-9E7F-41A6A97C7815}.Debug|Any CPU.ActiveCfg = Debug|Any CPU
		{578527E5-B51D-42A7-9E7F-41A6A97C7815}.Debug|Any CPU.Build.0 = Debug|Any CPU
		{578527E5-B51D-42A7-9E7F-41A6A97C7815}.Release|Any CPU.ActiveCfg = Release|Any CPU
		{578527E5-B51D-42A7-9E7F-41A6A97C7815}.Release|Any CPU.Build.0 = Release|Any CPU
		{2DB97F3F-5390-4F05-B946-2E3D6571C303}.Debug|Any CPU.ActiveCfg = Debug|Any CPU
		{2DB97F3F-5390-4F05-B946-2E3D6571C303}.Debug|Any CPU.Build.0 = Debug|Any CPU
		{2DB97F3F-5390-4F05-B946-2E3D6571C303}.Release|Any CPU.ActiveCfg = Release|Any CPU
		{2DB97F3F-5390-4F05-B946-2E3D6571C303}.Release|Any CPU.Build.0 = Release|Any CPU
		{A38B060E-DCAF-43A7-9E2F-A0A1A720E864}.Debug|Any CPU.ActiveCfg = Debug|Any CPU
		{A38B060E-DCAF-43A7-9E2F-A0A1A720E864}.Debug|Any CPU.Build.0 = Debug|Any CPU
		{A38B060E-DCAF-43A7-9E2F-A0A1A720E864}.Release|Any CPU.ActiveCfg = Release|Any CPU
		{A38B060E-DCAF-43A7-9E2F-A0A1A720E864}.Release|Any CPU.Build.0 = Release|Any CPU
		{B9C3063A-01B8-401C-9571-52522257950B}.Debug|Any CPU.ActiveCfg = Debug|Any CPU
		{B9C3063A-01B8-401C-9571-52522257950B}.Debug|Any CPU.Build.0 = Debug|Any CPU
		{B9C3063A-01B8-401C-9571-52522257950B}.Release|Any CPU.ActiveCfg = Release|Any CPU
		{B9C3063A-01B8-401C-9571-52522257950B}.Release|Any CPU.Build.0 = Release|Any CPU
		{E074245E-5DFF-4085-B6C4-9FFAB75899CA}.Debug|Any CPU.ActiveCfg = Debug|Any CPU
		{E074245E-5DFF-4085-B6C4-9FFAB75899CA}.Debug|Any CPU.Build.0 = Debug|Any CPU
		{E074245E-5DFF-4085-B6C4-9FFAB75899CA}.Release|Any CPU.ActiveCfg = Release|Any CPU
		{E074245E-5DFF-4085-B6C4-9FFAB75899CA}.Release|Any CPU.Build.0 = Release|Any CPU
		{7AB44622-70E7-46AE-AD5C-A6119AE94CB7}.Debug|Any CPU.ActiveCfg = Debug|Any CPU
		{7AB44622-70E7-46AE-AD5C-A6119AE94CB7}.Debug|Any CPU.Build.0 = Debug|Any CPU
		{7AB44622-70E7-46AE-AD5C-A6119AE94CB7}.Release|Any CPU.ActiveCfg = Release|Any CPU
		{7AB44622-70E7-46AE-AD5C-A6119AE94CB7}.Release|Any CPU.Build.0 = Release|Any CPU
		{831B7BB1-F27F-4639-8B70-3DA07EBF5A1D}.Debug|Any CPU.ActiveCfg = Debug|Any CPU
		{831B7BB1-F27F-4639-8B70-3DA07EBF5A1D}.Debug|Any CPU.Build.0 = Debug|Any CPU
		{831B7BB1-F27F-4639-8B70-3DA07EBF5A1D}.Release|Any CPU.ActiveCfg = Release|Any CPU
		{831B7BB1-F27F-4639-8B70-3DA07EBF5A1D}.Release|Any CPU.Build.0 = Release|Any CPU
		{E9A960D4-7607-4B25-8B02-5167BC1364B0}.Debug|Any CPU.ActiveCfg = Debug|Any CPU
		{E9A960D4-7607-4B25-8B02-5167BC1364B0}.Debug|Any CPU.Build.0 = Debug|Any CPU
		{E9A960D4-7607-4B25-8B02-5167BC1364B0}.Release|Any CPU.ActiveCfg = Release|Any CPU
		{E9A960D4-7607-4B25-8B02-5167BC1364B0}.Release|Any CPU.Build.0 = Release|Any CPU
		{369C7DD8-B9EB-4CE8-B266-7E00BCB98494}.Debug|Any CPU.ActiveCfg = Debug|Any CPU
		{369C7DD8-B9EB-4CE8-B266-7E00BCB98494}.Debug|Any CPU.Build.0 = Debug|Any CPU
		{369C7DD8-B9EB-4CE8-B266-7E00BCB98494}.Release|Any CPU.ActiveCfg = Release|Any CPU
		{369C7DD8-B9EB-4CE8-B266-7E00BCB98494}.Release|Any CPU.Build.0 = Release|Any CPU
		{372680E9-5683-4FB7-8D42-A5490CBF8F65}.Debug|Any CPU.ActiveCfg = Debug|Any CPU
		{372680E9-5683-4FB7-8D42-A5490CBF8F65}.Debug|Any CPU.Build.0 = Debug|Any CPU
		{372680E9-5683-4FB7-8D42-A5490CBF8F65}.Release|Any CPU.ActiveCfg = Release|Any CPU
		{372680E9-5683-4FB7-8D42-A5490CBF8F65}.Release|Any CPU.Build.0 = Release|Any CPU
		{41DEEA55-989F-4842-9B1A-08D44BF1D0F9}.Debug|Any CPU.ActiveCfg = Debug|Any CPU
		{41DEEA55-989F-4842-9B1A-08D44BF1D0F9}.Debug|Any CPU.Build.0 = Debug|Any CPU
		{41DEEA55-989F-4842-9B1A-08D44BF1D0F9}.Release|Any CPU.ActiveCfg = Release|Any CPU
		{41DEEA55-989F-4842-9B1A-08D44BF1D0F9}.Release|Any CPU.Build.0 = Release|Any CPU
		{73C648DF-3CDE-4450-BB8E-A22FEA69AC7D}.Debug|Any CPU.ActiveCfg = Debug|Any CPU
		{73C648DF-3CDE-4450-BB8E-A22FEA69AC7D}.Debug|Any CPU.Build.0 = Debug|Any CPU
		{73C648DF-3CDE-4450-BB8E-A22FEA69AC7D}.Release|Any CPU.ActiveCfg = Release|Any CPU
		{73C648DF-3CDE-4450-BB8E-A22FEA69AC7D}.Release|Any CPU.Build.0 = Release|Any CPU
		{48E7A68F-B388-4E46-AA83-BACE2CDB3A49}.Debug|Any CPU.ActiveCfg = Debug|Any CPU
		{48E7A68F-B388-4E46-AA83-BACE2CDB3A49}.Debug|Any CPU.Build.0 = Debug|Any CPU
		{48E7A68F-B388-4E46-AA83-BACE2CDB3A49}.Release|Any CPU.ActiveCfg = Release|Any CPU
		{48E7A68F-B388-4E46-AA83-BACE2CDB3A49}.Release|Any CPU.Build.0 = Release|Any CPU
		{ACF8575D-2CED-4888-9AB9-E9B80AF3BC88}.Debug|Any CPU.ActiveCfg = Debug|Any CPU
		{ACF8575D-2CED-4888-9AB9-E9B80AF3BC88}.Debug|Any CPU.Build.0 = Debug|Any CPU
		{ACF8575D-2CED-4888-9AB9-E9B80AF3BC88}.Release|Any CPU.ActiveCfg = Release|Any CPU
		{ACF8575D-2CED-4888-9AB9-E9B80AF3BC88}.Release|Any CPU.Build.0 = Release|Any CPU
		{806DDD36-8E0B-4EA0-82BB-9AD2FF17BA4C}.Debug|Any CPU.ActiveCfg = Debug|Any CPU
		{806DDD36-8E0B-4EA0-82BB-9AD2FF17BA4C}.Debug|Any CPU.Build.0 = Debug|Any CPU
		{806DDD36-8E0B-4EA0-82BB-9AD2FF17BA4C}.Release|Any CPU.ActiveCfg = Release|Any CPU
		{806DDD36-8E0B-4EA0-82BB-9AD2FF17BA4C}.Release|Any CPU.Build.0 = Release|Any CPU
		{B59BF6FF-1797-4D18-90BF-752828D507A7}.Debug|Any CPU.ActiveCfg = Debug|Any CPU
		{B59BF6FF-1797-4D18-90BF-752828D507A7}.Debug|Any CPU.Build.0 = Debug|Any CPU
		{B59BF6FF-1797-4D18-90BF-752828D507A7}.Release|Any CPU.ActiveCfg = Release|Any CPU
		{B59BF6FF-1797-4D18-90BF-752828D507A7}.Release|Any CPU.Build.0 = Release|Any CPU
		{DE4902E3-36C4-4754-A90D-406E5A25DECB}.Debug|Any CPU.ActiveCfg = Debug|Any CPU
		{DE4902E3-36C4-4754-A90D-406E5A25DECB}.Debug|Any CPU.Build.0 = Debug|Any CPU
		{DE4902E3-36C4-4754-A90D-406E5A25DECB}.Release|Any CPU.ActiveCfg = Release|Any CPU
		{DE4902E3-36C4-4754-A90D-406E5A25DECB}.Release|Any CPU.Build.0 = Release|Any CPU
		{E747A888-04E8-4EF5-B386-F08A5C38BA39}.Debug|Any CPU.ActiveCfg = Debug|Any CPU
		{E747A888-04E8-4EF5-B386-F08A5C38BA39}.Debug|Any CPU.Build.0 = Debug|Any CPU
		{E747A888-04E8-4EF5-B386-F08A5C38BA39}.Release|Any CPU.ActiveCfg = Release|Any CPU
		{E747A888-04E8-4EF5-B386-F08A5C38BA39}.Release|Any CPU.Build.0 = Release|Any CPU
		{3CFC7A95-8040-4C02-A6B0-8287F1055E8D}.Debug|Any CPU.ActiveCfg = Debug|Any CPU
		{3CFC7A95-8040-4C02-A6B0-8287F1055E8D}.Debug|Any CPU.Build.0 = Debug|Any CPU
		{3CFC7A95-8040-4C02-A6B0-8287F1055E8D}.Release|Any CPU.ActiveCfg = Release|Any CPU
		{3CFC7A95-8040-4C02-A6B0-8287F1055E8D}.Release|Any CPU.Build.0 = Release|Any CPU
		{B5FBEDA5-94F1-488D-B5DE-99BA463CBBAA}.Debug|Any CPU.ActiveCfg = Debug|Any CPU
		{B5FBEDA5-94F1-488D-B5DE-99BA463CBBAA}.Debug|Any CPU.Build.0 = Debug|Any CPU
		{B5FBEDA5-94F1-488D-B5DE-99BA463CBBAA}.Release|Any CPU.ActiveCfg = Release|Any CPU
		{B5FBEDA5-94F1-488D-B5DE-99BA463CBBAA}.Release|Any CPU.Build.0 = Release|Any CPU
	EndGlobalSection
	GlobalSection(SolutionProperties) = preSolution
		HideSolutionNode = FALSE
	EndGlobalSection
	GlobalSection(NestedProjects) = preSolution
		{3FBCE5EB-8C7A-4C0A-B4F0-DC7ED9A06E8A} = {2D6FA286-8BD4-497A-9705-1D3701352964}
		{9D50EB77-44DD-4BE6-A1EE-92EDABA43F59} = {2D6FA286-8BD4-497A-9705-1D3701352964}
		{3551A993-14E3-4FC1-8B88-8001A0F3932D} = {B8264889-F7DF-4AC4-B558-30A13B77086C}
		{EEF2CB70-3C39-4EE8-BC44-8AE9D52D6BC5} = {B8264889-F7DF-4AC4-B558-30A13B77086C}
		{5B207621-850D-4FB5-8ACD-AD45B78FBFAF} = {D70BD946-16FC-42F4-82A2-4BFDD5EE65C8}
		{C00FC70D-6F08-4172-A8F1-4C3BC9F47F86} = {D70BD946-16FC-42F4-82A2-4BFDD5EE65C8}
		{95970603-BA6F-43F2-A450-0818CCB833EF} = {82600F4D-7A02-4CD5-BA04-CF1A60EFF689}
		{36337D45-A848-4996-803F-C250C69FF2DB} = {82600F4D-7A02-4CD5-BA04-CF1A60EFF689}
		{3E618379-1A0E-487F-9BF3-8B737AB603FD} = {D9F3496F-E01B-4186-9FF3-DFC46237700B}
		{1176BFBB-AB24-4367-96E2-384C1ED08175} = {D9F3496F-E01B-4186-9FF3-DFC46237700B}
		{E7D62254-1480-43A5-B50F-12E3282B5364} = {B95CBC79-D188-4E14-9AE5-C9999D94FAA1}
		{8DED00B0-762F-4AE4-B3FE-D5FD80C8D69E} = {376524AC-251C-4E80-9C03-ACE9CEAC7083}
		{5BDA8B30-3824-4D8E-B89C-BFE5DA2062E3} = {376524AC-251C-4E80-9C03-ACE9CEAC7083}
		{AD19A861-9959-452D-9ACD-A135DB08D7EA} = {D81F062C-90D7-468C-9E26-E85FDA03CF48}
		{74A8684B-C3A3-4BE4-8A56-36AC8354A2B2} = {AD19A861-9959-452D-9ACD-A135DB08D7EA}
		{63F50CBE-9219-43E5-ABD6-76C081806387} = {D81F062C-90D7-468C-9E26-E85FDA03CF48}
		{D11B8D09-C20A-47F7-B2DE-65F67945D217} = {D81F062C-90D7-468C-9E26-E85FDA03CF48}
		{E59E79F0-E14B-41BA-B5CF-B159F24FAF8B} = {D81F062C-90D7-468C-9E26-E85FDA03CF48}
		{4CDEC76A-1751-4B6B-A996-96894F9BFF61} = {D81F062C-90D7-468C-9E26-E85FDA03CF48}
		{24816418-B269-42C4-8EB7-4FF47118CE6D} = {D81F062C-90D7-468C-9E26-E85FDA03CF48}
		{8436CF0A-E704-4E52-9B11-D6776230BFB3} = {D81F062C-90D7-468C-9E26-E85FDA03CF48}
		{66C9334B-0C22-4F1E-9242-00139919D609} = {D81F062C-90D7-468C-9E26-E85FDA03CF48}
		{147DFACF-15CC-4B94-B2A7-F50DD4B6271D} = {D81F062C-90D7-468C-9E26-E85FDA03CF48}
		{F517B95F-CD4F-448D-B501-5AF3637DF0C2} = {D81F062C-90D7-468C-9E26-E85FDA03CF48}
		{FC104CCE-9179-4906-BD6C-2F7776518C0D} = {D81F062C-90D7-468C-9E26-E85FDA03CF48}
		{1A6310DB-0F6C-4D7B-A2B0-22877C8524F1} = {D81F062C-90D7-468C-9E26-E85FDA03CF48}
		{697A5924-7B58-48F0-8FC1-C3723825A1B7} = {D81F062C-90D7-468C-9E26-E85FDA03CF48}
		{C6AC42E7-6EED-47FB-8329-779C1770C72B} = {D81F062C-90D7-468C-9E26-E85FDA03CF48}
		{1A30F0E2-3D3D-47B5-AFFA-30929C38D87C} = {D81F062C-90D7-468C-9E26-E85FDA03CF48}
		{76A9D327-1133-4246-9ABE-4976C06302F3} = {D81F062C-90D7-468C-9E26-E85FDA03CF48}
		{1BD3304D-A302-4378-88B5-1067A5376835} = {D81F062C-90D7-468C-9E26-E85FDA03CF48}
		{F4BE9E76-17B5-42E4-AB28-640D81A94F69} = {D81F062C-90D7-468C-9E26-E85FDA03CF48}
		{68121C13-B18C-4A3E-9E67-3DD2BFB3BAF1} = {D81F062C-90D7-468C-9E26-E85FDA03CF48}
		{B50B9714-3450-41CE-B6FF-96735FEAF4CC} = {D81F062C-90D7-468C-9E26-E85FDA03CF48}
		{D7B75BB8-AA22-4CFD-915D-2C36753E83E8} = {D81F062C-90D7-468C-9E26-E85FDA03CF48}
		{0BE015F5-5BF6-449F-85D9-6737599D4896} = {D81F062C-90D7-468C-9E26-E85FDA03CF48}
		{25AA9784-767D-4310-A466-D1A936774469} = {D81F062C-90D7-468C-9E26-E85FDA03CF48}
		{369F9644-6105-41A9-B8CA-4D37013923BC} = {D81F062C-90D7-468C-9E26-E85FDA03CF48}
		{8B89D3A6-974F-4EA3-85D2-0913E0C4612E} = {D81F062C-90D7-468C-9E26-E85FDA03CF48}
		{372A47F0-2EFA-4BF9-B2C2-353537BE3A23} = {D81F062C-90D7-468C-9E26-E85FDA03CF48}
		{0916C7F4-0D70-47C6-B0E9-48085663957F} = {D81F062C-90D7-468C-9E26-E85FDA03CF48}
		{CBBA48B6-5B0F-4E11-A561-7395AB4B43C3} = {D81F062C-90D7-468C-9E26-E85FDA03CF48}
		{10A75209-554A-4139-96BB-9EA2533EFBDF} = {D81F062C-90D7-468C-9E26-E85FDA03CF48}
		{13A6C351-765C-48F6-80A2-A4CF596B997A} = {D81F062C-90D7-468C-9E26-E85FDA03CF48}
		{F8AEA43D-9600-44E7-B23F-9E715736D874} = {D81F062C-90D7-468C-9E26-E85FDA03CF48}
		{9C8247BF-A4B3-4C8C-AE51-7EBBF1422F66} = {D81F062C-90D7-468C-9E26-E85FDA03CF48}
		{19B7B356-6671-49D6-B47F-ECE6589E34F5} = {D81F062C-90D7-468C-9E26-E85FDA03CF48}
		{2002399E-608C-4F18-BAF4-1228CAC24ECC} = {D81F062C-90D7-468C-9E26-E85FDA03CF48}
		{DB6D5A40-3C66-4B0B-B5BE-D386D4398A7D} = {D81F062C-90D7-468C-9E26-E85FDA03CF48}
		{D7C2A258-5E7A-41DA-82F9-8C5BDD0DAE3A} = {D81F062C-90D7-468C-9E26-E85FDA03CF48}
		{E2FA2A6C-D855-43E5-AE0E-FCF53C002DA3} = {D81F062C-90D7-468C-9E26-E85FDA03CF48}
		{38AD68F3-F0F3-4D42-94B4-55D25E1C90F1} = {D81F062C-90D7-468C-9E26-E85FDA03CF48}
		{27C5DF46-56E8-4C6A-ABD3-995DF3FBAB16} = {D81F062C-90D7-468C-9E26-E85FDA03CF48}
		{F28B23D2-3E7D-44EE-B059-9C4D092DBA6D} = {D81F062C-90D7-468C-9E26-E85FDA03CF48}
		{B9342A4E-F850-480D-802E-07A6EFAC847A} = {D81F062C-90D7-468C-9E26-E85FDA03CF48}
		{93571161-2430-4D8C-B18D-417CB2303A01} = {D81F062C-90D7-468C-9E26-E85FDA03CF48}
		{A5825BEE-93D9-4BCB-8F75-0DD8D24F2BBF} = {D81F062C-90D7-468C-9E26-E85FDA03CF48}
		{1E12A71C-A30D-4359-9A7A-6C018C4A634E} = {D81F062C-90D7-468C-9E26-E85FDA03CF48}
		{A3E5A437-6309-4E89-A3D6-0A69BF3383D2} = {D81F062C-90D7-468C-9E26-E85FDA03CF48}
		{4E71CB94-82E7-4C81-B06E-B347B01A2C6E} = {D81F062C-90D7-468C-9E26-E85FDA03CF48}
		{70A672A5-C58A-4DFD-A187-38ABA56C7783} = {D81F062C-90D7-468C-9E26-E85FDA03CF48}
		{BB6E5A6F-142A-45E0-933A-E2D6F12F008B} = {D81F062C-90D7-468C-9E26-E85FDA03CF48}
		{CDBA3C34-4DF2-426D-8796-069CD40596DD} = {D81F062C-90D7-468C-9E26-E85FDA03CF48}
		{9CAE8BB9-DF65-41CC-B7CD-4497A1CF682C} = {D81F062C-90D7-468C-9E26-E85FDA03CF48}
		{A2DCA227-FB70-43B8-B247-A92221B7ED95} = {D81F062C-90D7-468C-9E26-E85FDA03CF48}
		{266AEC63-DD27-44E7-AA3F-F96DFC202521} = {D81F062C-90D7-468C-9E26-E85FDA03CF48}
		{7A39555E-F027-431C-9802-AB4CEB6D8517} = {D81F062C-90D7-468C-9E26-E85FDA03CF48}
		{3002B63B-5F16-4CCD-B8AD-CBE2672A9622} = {D81F062C-90D7-468C-9E26-E85FDA03CF48}
		{548813B8-2E22-4CF8-8DFA-4B7F9071503A} = {D81F062C-90D7-468C-9E26-E85FDA03CF48}
		{6210AB69-6EEA-4571-A6B3-A2FD2F074112} = {D81F062C-90D7-468C-9E26-E85FDA03CF48}
		{D2DE6947-23B5-45D9-BB09-D4916EED3180} = {D81F062C-90D7-468C-9E26-E85FDA03CF48}
		{D74361BF-FE55-4903-BAE9-896FE0AF0CFD} = {D81F062C-90D7-468C-9E26-E85FDA03CF48}
		{336B809D-A8DB-46C1-8070-D76345E8D9D9} = {D81F062C-90D7-468C-9E26-E85FDA03CF48}
		{2D4EBC8A-C34D-4F49-B50D-0A5D0D314835} = {D81F062C-90D7-468C-9E26-E85FDA03CF48}
		{96AC452A-7CCC-471E-9C99-B44F987F8482} = {D81F062C-90D7-468C-9E26-E85FDA03CF48}
		{3D37AF5C-7908-49C3-8EC0-73E4C8257202} = {D81F062C-90D7-468C-9E26-E85FDA03CF48}
		{AF8750CF-6F35-4C09-ADFF-537AFE1E6DDA} = {D81F062C-90D7-468C-9E26-E85FDA03CF48}
		{C0C5FB33-FAA7-4F3D-8459-1B5E56050CE1} = {D81F062C-90D7-468C-9E26-E85FDA03CF48}
		{2BF8574B-F85C-4509-98FC-29522E06A0FC} = {D81F062C-90D7-468C-9E26-E85FDA03CF48}
		{B7E4554A-4F10-4A15-9A8F-E92CEF69597E} = {D81F062C-90D7-468C-9E26-E85FDA03CF48}
		{C902754D-F1D0-4C68-9B0E-F0BB210E0117} = {D81F062C-90D7-468C-9E26-E85FDA03CF48}
		{293C5330-F966-4FB8-881A-4AA8208723E6} = {D81F062C-90D7-468C-9E26-E85FDA03CF48}
		{159A864A-8A5F-44F8-8EA6-6D29E6C19D40} = {D81F062C-90D7-468C-9E26-E85FDA03CF48}
		{DB736E65-9E48-4EB8-AC6F-679397046544} = {91E57241-9FD7-4167-9615-EDDD0347555A}
		{AA5615F0-AC34-4F90-941C-56186FFA19ED} = {91E57241-9FD7-4167-9615-EDDD0347555A}
		{5B54C607-CD1B-4CC0-817C-EBF122FCAA12} = {91E57241-9FD7-4167-9615-EDDD0347555A}
		{83CE0099-8B20-4C3B-9E7D-BB0F1991E114} = {91E57241-9FD7-4167-9615-EDDD0347555A}
		{BAE5A0BC-1859-41A3-97F3-6E73692BF43E} = {91E57241-9FD7-4167-9615-EDDD0347555A}
		{CA73ED2A-CE4B-4D27-8E7C-2BE35A57E2C0} = {91E57241-9FD7-4167-9615-EDDD0347555A}
		{53722B40-F8B7-465F-BB5F-A37BD3DABC92} = {91E57241-9FD7-4167-9615-EDDD0347555A}
		{CEF33D48-B758-432E-842F-CFE5922AA4DF} = {91E57241-9FD7-4167-9615-EDDD0347555A}
		{202D9C21-0DE2-4E93-BE4F-B1E8174DFF69} = {91E57241-9FD7-4167-9615-EDDD0347555A}
		{60059374-0CDE-4E09-A92F-D707782F5CEE} = {91E57241-9FD7-4167-9615-EDDD0347555A}
		{F8BC37DC-D7A5-484F-803B-8678775D0178} = {91E57241-9FD7-4167-9615-EDDD0347555A}
		{57B1659E-6CCA-4822-8862-BFF35119EDFD} = {91E57241-9FD7-4167-9615-EDDD0347555A}
		{66A2C572-2ECB-4FEE-BAE7-2715CC1590B8} = {91E57241-9FD7-4167-9615-EDDD0347555A}
		{34318090-649F-432C-B440-B8318A5A03C6} = {91E57241-9FD7-4167-9615-EDDD0347555A}
		{EB077BA9-1DF9-4156-AE22-0660C9EBA429} = {91E57241-9FD7-4167-9615-EDDD0347555A}
		{07EE49E9-2F4C-44E2-9B10-250C83E676B1} = {91E57241-9FD7-4167-9615-EDDD0347555A}
		{0737E748-1333-4782-9FEE-743DD70D03C6} = {91E57241-9FD7-4167-9615-EDDD0347555A}
		{04BA0DC0-ED0C-4BCA-8008-FD6E4C1935B4} = {91E57241-9FD7-4167-9615-EDDD0347555A}
		{2D0AE463-BBF3-4129-BC46-63431965D4B8} = {91E57241-9FD7-4167-9615-EDDD0347555A}
		{E5CAB61D-D16F-49AE-BFDA-CC5E17BB97EC} = {91E57241-9FD7-4167-9615-EDDD0347555A}
		{7ED8D0CB-CC7A-44BA-A6A3-7EFF216BE589} = {91E57241-9FD7-4167-9615-EDDD0347555A}
		{F0444029-AD5C-4D7B-8CA6-2D01CDC04A22} = {91E57241-9FD7-4167-9615-EDDD0347555A}
		{B37FB0E1-C1B9-4851-9CA8-5F11773D0B9D} = {91E57241-9FD7-4167-9615-EDDD0347555A}
		{6564474D-79AA-4F0B-9990-0926B708107E} = {91E57241-9FD7-4167-9615-EDDD0347555A}
		{AD8D425B-FB3A-4E77-8E49-F1DE904219A4} = {91E57241-9FD7-4167-9615-EDDD0347555A}
		{DCFDB724-0CDE-46E5-A08B-4A71A087F62A} = {91E57241-9FD7-4167-9615-EDDD0347555A}
		{E4683A64-DB79-4155-8522-3F6ABBF2CBA7} = {91E57241-9FD7-4167-9615-EDDD0347555A}
		{BF90D8C5-298C-4F08-A3EA-7D03C930E09B} = {91E57241-9FD7-4167-9615-EDDD0347555A}
		{E3E150D4-1C24-48EB-8F20-A0C86ED993C8} = {91E57241-9FD7-4167-9615-EDDD0347555A}
		{706FE8FE-E931-4CF1-BD07-02D4B1638D1E} = {91E57241-9FD7-4167-9615-EDDD0347555A}
		{25F1A61D-A05E-446C-AA9B-075EE4FD5FE6} = {91E57241-9FD7-4167-9615-EDDD0347555A}
		{CD9568FC-1BA1-4EF8-805F-5D17F662E306} = {91E57241-9FD7-4167-9615-EDDD0347555A}
		{D2188335-5355-403F-AE88-8731BCE0916F} = {91E57241-9FD7-4167-9615-EDDD0347555A}
		{0270FE94-BCE1-48D2-A5BF-9C1A5493E061} = {91E57241-9FD7-4167-9615-EDDD0347555A}
		{E68E37B0-6850-4A2D-984D-30D9067CB9E0} = {91E57241-9FD7-4167-9615-EDDD0347555A}
		{B7E9C253-AECF-4140-AEEC-05EB7C4DA444} = {91E57241-9FD7-4167-9615-EDDD0347555A}
		{99285B73-B42A-4209-B536-99142DBDFE03} = {91E57241-9FD7-4167-9615-EDDD0347555A}
		{6903E555-7E5F-483D-B658-3FD0DACDDC71} = {91E57241-9FD7-4167-9615-EDDD0347555A}
		{7833A441-69F7-4931-8B42-4C6EFA1BDD4D} = {91E57241-9FD7-4167-9615-EDDD0347555A}
		{2455FA4B-4CA4-48B1-BA83-E2184DF7EE81} = {91E57241-9FD7-4167-9615-EDDD0347555A}
		{A9130F39-DC22-4F51-803B-7E398A76D8D4} = {91E57241-9FD7-4167-9615-EDDD0347555A}
		{BE0020B1-3DE2-42D6-BA62-4D9D11580ED4} = {91E57241-9FD7-4167-9615-EDDD0347555A}
		{297C3481-58BA-45F7-A7D5-A1E0A668A628} = {91E57241-9FD7-4167-9615-EDDD0347555A}
		{578527E5-B51D-42A7-9E7F-41A6A97C7815} = {91E57241-9FD7-4167-9615-EDDD0347555A}
		{2DB97F3F-5390-4F05-B946-2E3D6571C303} = {91E57241-9FD7-4167-9615-EDDD0347555A}
		{A38B060E-DCAF-43A7-9E2F-A0A1A720E864} = {91E57241-9FD7-4167-9615-EDDD0347555A}
		{B9C3063A-01B8-401C-9571-52522257950B} = {91E57241-9FD7-4167-9615-EDDD0347555A}
		{E074245E-5DFF-4085-B6C4-9FFAB75899CA} = {91E57241-9FD7-4167-9615-EDDD0347555A}
		{7AB44622-70E7-46AE-AD5C-A6119AE94CB7} = {91E57241-9FD7-4167-9615-EDDD0347555A}
		{831B7BB1-F27F-4639-8B70-3DA07EBF5A1D} = {91E57241-9FD7-4167-9615-EDDD0347555A}
		{E9A960D4-7607-4B25-8B02-5167BC1364B0} = {91E57241-9FD7-4167-9615-EDDD0347555A}
		{369C7DD8-B9EB-4CE8-B266-7E00BCB98494} = {91E57241-9FD7-4167-9615-EDDD0347555A}
		{372680E9-5683-4FB7-8D42-A5490CBF8F65} = {91E57241-9FD7-4167-9615-EDDD0347555A}
		{41DEEA55-989F-4842-9B1A-08D44BF1D0F9} = {91E57241-9FD7-4167-9615-EDDD0347555A}
		{73C648DF-3CDE-4450-BB8E-A22FEA69AC7D} = {91E57241-9FD7-4167-9615-EDDD0347555A}
		{48E7A68F-B388-4E46-AA83-BACE2CDB3A49} = {91E57241-9FD7-4167-9615-EDDD0347555A}
		{ACF8575D-2CED-4888-9AB9-E9B80AF3BC88} = {91E57241-9FD7-4167-9615-EDDD0347555A}
		{806DDD36-8E0B-4EA0-82BB-9AD2FF17BA4C} = {91E57241-9FD7-4167-9615-EDDD0347555A}
		{B59BF6FF-1797-4D18-90BF-752828D507A7} = {91E57241-9FD7-4167-9615-EDDD0347555A}
		{DE4902E3-36C4-4754-A90D-406E5A25DECB} = {91E57241-9FD7-4167-9615-EDDD0347555A}
		{E747A888-04E8-4EF5-B386-F08A5C38BA39} = {91E57241-9FD7-4167-9615-EDDD0347555A}
		{3CFC7A95-8040-4C02-A6B0-8287F1055E8D} = {91E57241-9FD7-4167-9615-EDDD0347555A}
		{B5FBEDA5-94F1-488D-B5DE-99BA463CBBAA} = {91E57241-9FD7-4167-9615-EDDD0347555A}
	EndGlobalSection
EndGlobal
